// !$*UTF8*$!
{
	archiveVersion = 1;
	classes = {
	};
	objectVersion = 46;
	objects = {

/* Begin PBXBuildFile section */
		684D552359D1C698B1E38AF7 /* WatchKit.framework in Frameworks */ = {isa = PBXBuildFile; fileRef = 214D745E1E9C022A1582691A /* WatchKit.framework */; };
		89A669EA2BF9F395C051165C /* WatchKit.framework in Frameworks */ = {isa = PBXBuildFile; fileRef = 214D745E1E9C022A1582691A /* WatchKit.framework */; };
		97432430ED0A193D378C38DF /* UIKit.framework in Frameworks */ = {isa = PBXBuildFile; fileRef = 5777D280B24BF651982CBC16 /* UIKit.framework */; };
		9F75783368F87DEEB7B6B1C2 /* Foundation.framework in Frameworks */ = {isa = PBXBuildFile; fileRef = 23F898124BB8674710C90EFB /* Foundation.framework */; };
		BB5C9AF8E43CFAD99A4B36F8 /* Foundation.framework in Frameworks */ = {isa = PBXBuildFile; fileRef = DF9039A2FB384E3AC349A2C2 /* Foundation.framework */; };
		C0B023CB70A5248D9D8D027D /* UIKit.framework in Frameworks */ = {isa = PBXBuildFile; fileRef = 5777D280B24BF651982CBC16 /* UIKit.framework */; };
		DAC1617FC293B31B9F74F52F /* Foundation.framework in Frameworks */ = {isa = PBXBuildFile; fileRef = DF9039A2FB384E3AC349A2C2 /* Foundation.framework */; };
		E0914239C71EFBAC0A982B3D /* UIKit.framework in Frameworks */ = {isa = PBXBuildFile; fileRef = 9B0BBEF5CF8C83C74DD55305 /* UIKit.framework */; };
		EB24A2FF5B6A59F59E0CE7F2 /* UIKit.framework in Frameworks */ = {isa = PBXBuildFile; fileRef = 9B0BBEF5CF8C83C74DD55305 /* UIKit.framework */; };
		EFD30632EBDECCE421E20F47 /* Foundation.framework in Frameworks */ = {isa = PBXBuildFile; fileRef = 23F898124BB8674710C90EFB /* Foundation.framework */; };
/* End PBXBuildFile section */

/* Begin PBXContainerItemProxy section */
		89BB6ECB431CD9B7D1D7F160 /* PBXContainerItemProxy */ = {
			isa = PBXContainerItemProxy;
			containerPortal = ACC2B7A83B17E40260CD66E9 /* Project object */;
			proxyType = 1;
			remoteGlobalIDString = AAC9ADA00DE2532E8431C28B;
			remoteInfo = Sup;
		};
/* End PBXContainerItemProxy section */

/* Begin PBXFileReference section */
		214D745E1E9C022A1582691A /* WatchKit.framework */ = {isa = PBXFileReference; lastKnownFileType = wrapper.framework; name = WatchKit.framework; path = Platforms/WatchOS.platform/Developer/SDKs/WatchOS2.0.sdk/System/Library/Frameworks/WatchKit.framework; sourceTree = DEVELOPER_DIR; };
		23F898124BB8674710C90EFB /* Foundation.framework */ = {isa = PBXFileReference; lastKnownFileType = wrapper.framework; name = Foundation.framework; path = Platforms/iPhoneOS.platform/Developer/SDKs/iPhoneOS9.0.sdk/System/Library/Frameworks/Foundation.framework; sourceTree = DEVELOPER_DIR; };
		4D6CC102C16754A4CD233829 /* Sup. */ = {isa = PBXFileReference; includeInIndex = 0; lastKnownFileType = file; name = Sup.; path = Sup.app; sourceTree = BUILT_PRODUCTS_DIR; };
		5777D280B24BF651982CBC16 /* UIKit.framework */ = {isa = PBXFileReference; lastKnownFileType = wrapper.framework; name = UIKit.framework; path = Platforms/WatchOS.platform/Developer/SDKs/WatchOS2.0.sdk/System/Library/Frameworks/UIKit.framework; sourceTree = DEVELOPER_DIR; };
		58DB1898A78CE3A1D45AF346 /* Sup-Watch Extension. */ = {isa = PBXFileReference; includeInIndex = 0; lastKnownFileType = file; name = "Sup-Watch Extension."; path = "Sup-Watch Extension.appex"; sourceTree = BUILT_PRODUCTS_DIR; };
		81089899A899BA6E0534DC54 /* Sup-Watch. */ = {isa = PBXFileReference; includeInIndex = 0; lastKnownFileType = file; name = "Sup-Watch."; path = "Sup-Watch.app"; sourceTree = BUILT_PRODUCTS_DIR; };
		9B0BBEF5CF8C83C74DD55305 /* UIKit.framework */ = {isa = PBXFileReference; lastKnownFileType = wrapper.framework; name = UIKit.framework; path = Platforms/iPhoneOS.platform/Developer/SDKs/iPhoneOS9.0.sdk/System/Library/Frameworks/UIKit.framework; sourceTree = DEVELOPER_DIR; };
		DDC7EBCFDC701BC9DED37F77 /* SupTests. */ = {isa = PBXFileReference; includeInIndex = 0; lastKnownFileType = file; name = SupTests.; path = SupTests.xctest; sourceTree = BUILT_PRODUCTS_DIR; };
		DF9039A2FB384E3AC349A2C2 /* Foundation.framework */ = {isa = PBXFileReference; lastKnownFileType = wrapper.framework; name = Foundation.framework; path = Platforms/WatchOS.platform/Developer/SDKs/WatchOS2.0.sdk/System/Library/Frameworks/Foundation.framework; sourceTree = DEVELOPER_DIR; };
/* End PBXFileReference section */

/* Begin PBXFrameworksBuildPhase section */
		2C83D08BADF6D50E949C698B /* Frameworks */ = {
			isa = PBXFrameworksBuildPhase;
			buildActionMask = 2147483647;
			files = (
				DAC1617FC293B31B9F74F52F /* Foundation.framework in Frameworks */,
				97432430ED0A193D378C38DF /* UIKit.framework in Frameworks */,
				684D552359D1C698B1E38AF7 /* WatchKit.framework in Frameworks */,
			);
			runOnlyForDeploymentPostprocessing = 0;
		};
		339FEF3ECA5A5F29F3714B82 /* Frameworks */ = {
			isa = PBXFrameworksBuildPhase;
			buildActionMask = 2147483647;
			files = (
				EFD30632EBDECCE421E20F47 /* Foundation.framework in Frameworks */,
				E0914239C71EFBAC0A982B3D /* UIKit.framework in Frameworks */,
			);
			runOnlyForDeploymentPostprocessing = 0;
		};
		6DA6017F8308D9788A5E5BBC /* Frameworks */ = {
			isa = PBXFrameworksBuildPhase;
			buildActionMask = 2147483647;
			files = (
				9F75783368F87DEEB7B6B1C2 /* Foundation.framework in Frameworks */,
				EB24A2FF5B6A59F59E0CE7F2 /* UIKit.framework in Frameworks */,
			);
			runOnlyForDeploymentPostprocessing = 0;
		};
		8306AE1FB38555BBFB6DB163 /* Frameworks */ = {
			isa = PBXFrameworksBuildPhase;
			buildActionMask = 2147483647;
			files = (
				BB5C9AF8E43CFAD99A4B36F8 /* Foundation.framework in Frameworks */,
				C0B023CB70A5248D9D8D027D /* UIKit.framework in Frameworks */,
				89A669EA2BF9F395C051165C /* WatchKit.framework in Frameworks */,
			);
			runOnlyForDeploymentPostprocessing = 0;
		};
/* End PBXFrameworksBuildPhase section */

/* Begin PBXGroup section */
		1B95F633273F4D53C8E30E17 /* Products */ = {
			isa = PBXGroup;
			children = (
				DDC7EBCFDC701BC9DED37F77 /* SupTests. */,
				81089899A899BA6E0534DC54 /* Sup-Watch. */,
				58DB1898A78CE3A1D45AF346 /* Sup-Watch Extension. */,
				4D6CC102C16754A4CD233829 /* Sup. */,
			);
			name = Products;
			sourceTree = "<group>";
		};
		55659097055BFDE46AE49D3B = {
			isa = PBXGroup;
			children = (
				1B95F633273F4D53C8E30E17 /* Products */,
				68BB77B2E5D3AC8FBC060401 /* Frameworks */,
			);
			sourceTree = "<group>";
		};
		5F4AB8FB462D1EB10165B328 /* iOS */ = {
			isa = PBXGroup;
			children = (
				23F898124BB8674710C90EFB /* Foundation.framework */,
				9B0BBEF5CF8C83C74DD55305 /* UIKit.framework */,
			);
			name = iOS;
			sourceTree = "<group>";
		};
		68BB77B2E5D3AC8FBC060401 /* Frameworks */ = {
			isa = PBXGroup;
			children = (
				5F4AB8FB462D1EB10165B328 /* iOS */,
				939D4A0D64E414D007B169C2 /* watchOS */,
			);
			name = Frameworks;
			sourceTree = "<group>";
		};
		939D4A0D64E414D007B169C2 /* watchOS */ = {
			isa = PBXGroup;
			children = (
				DF9039A2FB384E3AC349A2C2 /* Foundation.framework */,
				5777D280B24BF651982CBC16 /* UIKit.framework */,
				214D745E1E9C022A1582691A /* WatchKit.framework */,
			);
			name = watchOS;
			sourceTree = "<group>";
		};
/* End PBXGroup section */

/* Begin PBXNativeTarget section */
		198B2EC866450FBB780B45CE /* Sup-Watch Extension */ = {
			isa = PBXNativeTarget;
			buildConfigurationList = B29F34E0EB3DC9A639881412 /* Build configuration list for PBXNativeTarget "Sup-Watch Extension" */;
			buildPhases = (
				8306AE1FB38555BBFB6DB163 /* Frameworks */,
			);
			buildRules = (
			);
			dependencies = (
			);
			name = "Sup-Watch Extension";
			productName = "Sup-Watch Extension";
			productReference = 58DB1898A78CE3A1D45AF346 /* Sup-Watch Extension. */;
			productType = "com.apple.product-type.watchkit2-extension";
		};
		1B500A8AC45DB7F7D5437659 /* Sup-Watch */ = {
			isa = PBXNativeTarget;
			buildConfigurationList = 0D02BBE9EB1CE1C1A3CC614A /* Build configuration list for PBXNativeTarget "Sup-Watch" */;
			buildPhases = (
				2C83D08BADF6D50E949C698B /* Frameworks */,
			);
			buildRules = (
			);
			dependencies = (
			);
			name = "Sup-Watch";
			productName = "Sup-Watch";
			productReference = 81089899A899BA6E0534DC54 /* Sup-Watch. */;
			productType = "com.apple.product-type.application.watchapp2";
		};
		AAC9ADA00DE2532E8431C28B /* Sup */ = {
			isa = PBXNativeTarget;
			buildConfigurationList = FC626BCBC9CCEB8305A49AF9 /* Build configuration list for PBXNativeTarget "Sup" */;
			buildPhases = (
				339FEF3ECA5A5F29F3714B82 /* Frameworks */,
			);
			buildRules = (
			);
			dependencies = (
			);
			name = Sup;
			productName = Sup;
			productReference = 4D6CC102C16754A4CD233829 /* Sup. */;
			productType = "com.apple.product-type.application";
		};
		ED1161A7CE3A89728BD0C29C /* SupTests */ = {
			isa = PBXNativeTarget;
			buildConfigurationList = F72598DFCC6D62141DBC2C8B /* Build configuration list for PBXNativeTarget "SupTests" */;
			buildPhases = (
				6DA6017F8308D9788A5E5BBC /* Frameworks */,
			);
			buildRules = (
			);
			dependencies = (
				A2E346229AED66EC915148D5 /* PBXTargetDependency */,
			);
			name = SupTests;
			productName = SupTests;
			productReference = DDC7EBCFDC701BC9DED37F77 /* SupTests. */;
			productType = "com.apple.product-type.bundle.unit-test";
		};
/* End PBXNativeTarget section */

/* Begin PBXProject section */
		ACC2B7A83B17E40260CD66E9 /* Project object */ = {
			isa = PBXProject;
			attributes = {
				CLASSPREFIX = SUP;
				LastSwiftUpdateCheck = 0700;
				LastUpgradeCheck = 0700;
			};
			buildConfigurationList = CCE10CCEC07B2CF1CDDAE34C /* Build configuration list for PBXProject "Sup" */;
			compatibilityVersion = "Xcode 3.2";
			developmentRegion = English;
			hasScannedForEncodings = 0;
			knownRegions = (
				en,
			);
			mainGroup = 55659097055BFDE46AE49D3B;
			productRefGroup = 1B95F633273F4D53C8E30E17 /* Products */;
			projectDirPath = "";
			projectRoot = "";
			targets = (
				ED1161A7CE3A89728BD0C29C /* SupTests */,
				1B500A8AC45DB7F7D5437659 /* Sup-Watch */,
				198B2EC866450FBB780B45CE /* Sup-Watch Extension */,
				AAC9ADA00DE2532E8431C28B /* Sup */,
			);
		};
/* End PBXProject section */

/* Begin PBXTargetDependency section */
		A2E346229AED66EC915148D5 /* PBXTargetDependency */ = {
			isa = PBXTargetDependency;
			name = Sup;
			target = AAC9ADA00DE2532E8431C28B /* Sup */;
			targetProxy = 89BB6ECB431CD9B7D1D7F160 /* PBXContainerItemProxy */;
		};
/* End PBXTargetDependency section */

/* Begin XCBuildConfiguration section */
		09618BB4E5E957055105AD53 /* Release */ = {
			isa = XCBuildConfiguration;
			buildSettings = {
				ENABLE_STRICT_OBJC_MSGSEND = YES;
				INFOPLIST_FILE = "./$(PRODUCT_NAME)/Supporting Files/Info.plist";
				MTL_ENABLE_DEBUG_INFO = NO;
				PRODUCT_BUNDLE_IDENTIFIER = "com.forever-beta.sup.watchkitapp.watchkitextension";
				PRODUCT_NAME = "$(TARGET_NAME)";
				SDKROOT = watchos;
				SWIFT_OBJC_BRIDGING_HEADER = "Sup-Watch Extension/Sup-Watch Extension-Bridging-Header.h";
				WATCHOS_DEPLOYMENT_TARGET = 2.0;
			};
			name = Release;
		};
		0B8FFE2E0E1E275BE9F13652 /* Debug */ = {
			isa = XCBuildConfiguration;
			buildSettings = {
				ASSETCATALOG_COMPILER_APPICON_NAME = AppIcon;
				"CODE_SIGN_IDENTITY[sdk=iphoneos*]" = "iPhone Developer";
				ENABLE_BITCODE = NO;
				ENABLE_STRICT_OBJC_MSGSEND = YES;
				GCC_PREFIX_HEADER = SUP_PrefixHeader.pch;
				INFOPLIST_FILE = "./$(PRODUCT_NAME)/Supporting Files/Info.plist";
				IPHONEOS_DEPLOYMENT_TARGET = 8.4;
				LD_RUNPATH_SEARCH_PATHS = "$(inherited) @executable_path/Frameworks";
				MTL_ENABLE_DEBUG_INFO = YES;
				PRODUCT_BUNDLE_IDENTIFIER = "com.forever-beta.sup";
				PRODUCT_NAME = "$(TARGET_NAME)";
				SDKROOT = iphoneos;
				SWIFT_OBJC_BRIDGING_HEADER = "Sup/Sup-Bridging-Header.h";
				TARGETED_DEVICE_FAMILY = 1;
			};
			name = Debug;
		};
		0D7381A92EBF560D2801BE13 /* Beta */ = {
			isa = XCBuildConfiguration;
			buildSettings = {
				ALWAYS_SEARCH_USER_PATHS = NO;
				BRANCH_KEY = key_test_hioVGQuxRZODjKtVX71YihghFvlLg6Ej;
				CLANG_CXX_LANGUAGE_STANDARD = "gnu++0x";
				CLANG_CXX_LIBRARY = "libc++";
				CLANG_ENABLE_MODULES = YES;
				CLANG_ENABLE_OBJC_ARC = YES;
				CLANG_WARN_BOOL_CONVERSION = YES;
				CLANG_WARN_CONSTANT_CONVERSION = YES;
				CLANG_WARN_DIRECT_OBJC_ISA_USAGE = YES;
				CLANG_WARN_EMPTY_BODY = YES;
				CLANG_WARN_ENUM_CONVERSION = YES;
				CLANG_WARN_INT_CONVERSION = YES;
				CLANG_WARN_OBJC_ROOT_CLASS = YES;
				CLANG_WARN_UNREACHABLE_CODE = YES;
				CLANG_WARN__DUPLICATE_METHOD_MATCH = YES;
				COPY_PHASE_STRIP = NO;
				GCC_C_LANGUAGE_STANDARD = gnu99;
				GCC_DYNAMIC_NO_PIC = NO;
				GCC_OPTIMIZATION_LEVEL = 0;
				GCC_PREPROCESSOR_DEFINITIONS = (
					"$(inherited)",
					"ONESIGNAL_APP_ID=\\@\\\"139ff57c-c421-47be-9dbe-766976b65c60\\\"",
					"SUP_FIREBASE_URL=\\@\\\"https://sup-snapshot.firebaseIO.com\\\"",
					"MIXPANEL_TOKEN=\\@\\\"68c8d3e179fe62348f36fed57603bef2\\\"",
					"APPSEE_TOKEN=\\@\\\"94009810042e47d3bc06a6dfbfd23799\\\"",
					"GOOGLE_ANALYTICS_TOKEN=\\@\\\"UA-60572134-1\\\"",
					"UXCAM_TOKEN=\\@\\\"92aad4dd700d591\\\"",
					"PARSE_APPLICATION_ID=\\@\\\"jPdhUbc7Pmnsel10UCB51lPnLiv4QTbIe9osTA6v\\\"",
					"PARSE_APPLICATION_KEY=\\@\\\"mu9D8dP96I1Nmkz4g5dA2xJ75LrZvmTqcQT7EYGQ\\\"",
				);
				GCC_SYMBOLS_PRIVATE_EXTERN = NO;
				GCC_WARN_64_TO_32_BIT_CONVERSION = YES;
				GCC_WARN_ABOUT_RETURN_TYPE = YES;
				GCC_WARN_UNDECLARED_SELECTOR = YES;
				GCC_WARN_UNINITIALIZED_AUTOS = YES;
				GCC_WARN_UNUSED_FUNCTION = YES;
				GCC_WARN_UNUSED_VARIABLE = YES;
				ONLY_ACTIVE_ARCH = YES;
			};
			name = Beta;
		};
		2983784E06CF77FF7244C6A7 /* Release */ = {
			isa = XCBuildConfiguration;
			buildSettings = {
				ALWAYS_SEARCH_USER_PATHS = NO;
				BRANCH_KEY = key_live_kehNLUFtMWKFbNxO043XndbmBCpPm9Ex;
				CLANG_CXX_LANGUAGE_STANDARD = "gnu++0x";
				CLANG_CXX_LIBRARY = "libc++";
				CLANG_ENABLE_MODULES = YES;
				CLANG_ENABLE_OBJC_ARC = YES;
				CLANG_WARN_BOOL_CONVERSION = YES;
				CLANG_WARN_CONSTANT_CONVERSION = YES;
				CLANG_WARN_DIRECT_OBJC_ISA_USAGE = YES;
				CLANG_WARN_EMPTY_BODY = YES;
				CLANG_WARN_ENUM_CONVERSION = YES;
				CLANG_WARN_INT_CONVERSION = YES;
				CLANG_WARN_OBJC_ROOT_CLASS = YES;
				CLANG_WARN_UNREACHABLE_CODE = YES;
				CLANG_WARN__DUPLICATE_METHOD_MATCH = YES;
				COPY_PHASE_STRIP = YES;
				ENABLE_NS_ASSERTIONS = NO;
				GCC_C_LANGUAGE_STANDARD = gnu99;
				GCC_PREPROCESSOR_DEFINITIONS = (
					"$(inherited)",
					"ONESIGNAL_APP_ID=\\@\\\"139ff57c-c421-47be-9dbe-766976b65c60\\\"",
					"SUP_FIREBASE_URL=\\@\\\"https://supdev.firebaseIO.com\\\"",
					"MIXPANEL_TOKEN=\\@\\\"58d3635b5903ce7e3335a2731811c6e5\\\"",
					"APPSEE_TOKEN=\\@\\\"94009810042e47d3bc06a6dfbfd23799\\\"",
					"GOOGLE_ANALYTICS_TOKEN=\\@\\\"UA-60572134-1\\\"",
					"UXCAM_TOKEN=\\@\\\"92aad4dd700d591\\\"",
					"PARSE_APPLICATION_ID=\\@\\\"jPdhUbc7Pmnsel10UCB51lPnLiv4QTbIe9osTA6v\\\"",
					"PARSE_APPLICATION_KEY=\\@\\\"mu9D8dP96I1Nmkz4g5dA2xJ75LrZvmTqcQT7EYGQ\\\"",
				);
				GCC_WARN_64_TO_32_BIT_CONVERSION = YES;
				GCC_WARN_ABOUT_RETURN_TYPE = YES;
				GCC_WARN_UNDECLARED_SELECTOR = YES;
				GCC_WARN_UNINITIALIZED_AUTOS = YES;
				GCC_WARN_UNUSED_FUNCTION = YES;
				GCC_WARN_UNUSED_VARIABLE = YES;
				VALIDATE_PRODUCT = YES;
			};
			name = Release;
		};
		3BFDF46F83FA77D8A3E4FE19 /* Release */ = {
			isa = XCBuildConfiguration;
			buildSettings = {
				BUNDLE_LOADER = "$(TEST_HOST)";
				ENABLE_STRICT_OBJC_MSGSEND = YES;
				INFOPLIST_FILE = "./$(PRODUCT_NAME)/Supporting Files/Info.plist";
				IPHONEOS_DEPLOYMENT_TARGET = 8.4;
				MTL_ENABLE_DEBUG_INFO = NO;
				PRODUCT_NAME = "$(TARGET_NAME)";
				SDKROOT = iphoneos;
				TEST_HOST = "$(BUILT_PRODUCTS_DIR)/Sup.app/Sup";
			};
			name = Release;
		};
		5F84B2F8B4DEA96C0E90CEFD /* Debug */ = {
			isa = XCBuildConfiguration;
			buildSettings = {
				ENABLE_STRICT_OBJC_MSGSEND = YES;
				INFOPLIST_FILE = "./$(PRODUCT_NAME)/Supporting Files/Info.plist";
				MTL_ENABLE_DEBUG_INFO = YES;
				PRODUCT_BUNDLE_IDENTIFIER = "com.forever-beta.sup.watchkitapp.watchkitextension";
				PRODUCT_NAME = "$(TARGET_NAME)";
				SDKROOT = watchos;
				SWIFT_OBJC_BRIDGING_HEADER = "Sup-Watch Extension/Sup-Watch Extension-Bridging-Header.h";
				WATCHOS_DEPLOYMENT_TARGET = 2.0;
			};
			name = Debug;
		};
		BECB4A5E762CCF410E20A566 /* Debug */ = {
			isa = XCBuildConfiguration;
			buildSettings = {
				ENABLE_STRICT_OBJC_MSGSEND = YES;
				INFOPLIST_FILE = "./$(PRODUCT_NAME)/Supporting Files/Info.plist";
				MTL_ENABLE_DEBUG_INFO = YES;
				PRODUCT_BUNDLE_IDENTIFIER = "com.forever-beta.sup.watchkitapp";
				PRODUCT_NAME = "$(TARGET_NAME)";
				SDKROOT = watchos;
				WATCHOS_DEPLOYMENT_TARGET = 2.0;
			};
			name = Debug;
		};
		C3F906894D45295A07E06148 /* Beta */ = {
			isa = XCBuildConfiguration;
			buildSettings = {
				ENABLE_STRICT_OBJC_MSGSEND = YES;
				INFOPLIST_FILE = "./$(PRODUCT_NAME)/Supporting Files/Info.plist";
				MTL_ENABLE_DEBUG_INFO = YES;
				PRODUCT_BUNDLE_IDENTIFIER = "com.forever-beta.sup.watchkitapp.watchkitextension";
				PRODUCT_NAME = "$(TARGET_NAME)";
				SDKROOT = watchos;
				SWIFT_OBJC_BRIDGING_HEADER = "Sup-Watch Extension/Sup-Watch Extension-Bridging-Header.h";
				WATCHOS_DEPLOYMENT_TARGET = 2.0;
			};
			name = Beta;
		};
		C7BD418F29412F4F32C99669 /* Debug */ = {
			isa = XCBuildConfiguration;
			buildSettings = {
				ALWAYS_SEARCH_USER_PATHS = NO;
				BRANCH_KEY = key_test_hioVGQuxRZODjKtVX71YihghFvlLg6Ej;
				CLANG_CXX_LANGUAGE_STANDARD = "gnu++0x";
				CLANG_CXX_LIBRARY = "libc++";
				CLANG_ENABLE_MODULES = YES;
				CLANG_ENABLE_OBJC_ARC = YES;
				CLANG_WARN_BOOL_CONVERSION = YES;
				CLANG_WARN_CONSTANT_CONVERSION = YES;
				CLANG_WARN_DIRECT_OBJC_ISA_USAGE = YES;
				CLANG_WARN_EMPTY_BODY = YES;
				CLANG_WARN_ENUM_CONVERSION = YES;
				CLANG_WARN_INT_CONVERSION = YES;
				CLANG_WARN_OBJC_ROOT_CLASS = YES;
				CLANG_WARN_UNREACHABLE_CODE = YES;
				CLANG_WARN__DUPLICATE_METHOD_MATCH = YES;
				COPY_PHASE_STRIP = NO;
				GCC_C_LANGUAGE_STANDARD = gnu99;
				GCC_DYNAMIC_NO_PIC = NO;
				GCC_OPTIMIZATION_LEVEL = 0;
				GCC_PREPROCESSOR_DEFINITIONS = (
					"$(inherited)",
					"ONESIGNAL_APP_ID=\\@\\\"139ff57c-c421-47be-9dbe-766976b65c60\\\"",
					"SUP_FIREBASE_URL=\\@\\\"https://suptest.firebaseIO.com\\\"",
					"MIXPANEL_TOKEN=\\@\\\"68c8d3e179fe62348f36fed57603bef2\\\"",
					"APPSEE_TOKEN=\\@\\\"94009810042e47d3bc06a6dfbfd23799\\\"",
					"GOOGLE_ANALYTICS_TOKEN=\\@\\\"UA-60572134-1\\\"",
					"UXCAM_TOKEN=\\@\\\"92aad4dd700d591\\\"",
					"PARSE_APPLICATION_ID=\\@\\\"jPdhUbc7Pmnsel10UCB51lPnLiv4QTbIe9osTA6v\\\"",
					"PARSE_APPLICATION_KEY=\\@\\\"mu9D8dP96I1Nmkz4g5dA2xJ75LrZvmTqcQT7EYGQ\\\"",
				);
				GCC_SYMBOLS_PRIVATE_EXTERN = NO;
				GCC_WARN_64_TO_32_BIT_CONVERSION = YES;
				GCC_WARN_ABOUT_RETURN_TYPE = YES;
				GCC_WARN_UNDECLARED_SELECTOR = YES;
				GCC_WARN_UNINITIALIZED_AUTOS = YES;
				GCC_WARN_UNUSED_FUNCTION = YES;
				GCC_WARN_UNUSED_VARIABLE = YES;
				ONLY_ACTIVE_ARCH = YES;
			};
			name = Debug;
		};
		D142E9CCBC735DFDE295FD44 /* Beta */ = {
			isa = XCBuildConfiguration;
			buildSettings = {
				ENABLE_STRICT_OBJC_MSGSEND = YES;
				INFOPLIST_FILE = "./$(PRODUCT_NAME)/Supporting Files/Info.plist";
				MTL_ENABLE_DEBUG_INFO = YES;
				PRODUCT_BUNDLE_IDENTIFIER = "com.forever-beta.sup.watchkitapp";
				PRODUCT_NAME = "$(TARGET_NAME)";
				SDKROOT = watchos;
				WATCHOS_DEPLOYMENT_TARGET = 2.0;
			};
			name = Beta;
		};
		D41C037422888BE3E53A589A /* Beta */ = {
			isa = XCBuildConfiguration;
			buildSettings = {
				ASSETCATALOG_COMPILER_APPICON_NAME = AppIcon;
				"CODE_SIGN_IDENTITY[sdk=iphoneos*]" = "iPhone Developer";
				ENABLE_BITCODE = NO;
				ENABLE_STRICT_OBJC_MSGSEND = YES;
				GCC_PREFIX_HEADER = SUP_PrefixHeader.pch;
				INFOPLIST_FILE = "./$(PRODUCT_NAME)/Supporting Files/Info.plist";
				IPHONEOS_DEPLOYMENT_TARGET = 8.4;
				LD_RUNPATH_SEARCH_PATHS = "$(inherited) @executable_path/Frameworks";
				MTL_ENABLE_DEBUG_INFO = YES;
				PRODUCT_BUNDLE_IDENTIFIER = "com.forever-beta.sup";
				PRODUCT_NAME = "$(TARGET_NAME)";
				SDKROOT = iphoneos;
				SWIFT_OBJC_BRIDGING_HEADER = "Sup/Sup-Bridging-Header.h";
				TARGETED_DEVICE_FAMILY = 1;
			};
			name = Beta;
		};
		EA838BB9AD28A92E27B36F6F /* Beta */ = {
			isa = XCBuildConfiguration;
			buildSettings = {
				BUNDLE_LOADER = "$(TEST_HOST)";
				ENABLE_STRICT_OBJC_MSGSEND = YES;
				INFOPLIST_FILE = "./$(PRODUCT_NAME)/Supporting Files/Info.plist";
				IPHONEOS_DEPLOYMENT_TARGET = 8.4;
				MTL_ENABLE_DEBUG_INFO = YES;
				PRODUCT_NAME = "$(TARGET_NAME)";
				SDKROOT = iphoneos;
				TEST_HOST = "$(BUILT_PRODUCTS_DIR)/Sup.app/Sup";
			};
			name = Beta;
		};
		EB8CC1CF0F5B5FA2F9599FF5 /* Release */ = {
			isa = XCBuildConfiguration;
			buildSettings = {
				ENABLE_STRICT_OBJC_MSGSEND = YES;
				INFOPLIST_FILE = "./$(PRODUCT_NAME)/Supporting Files/Info.plist";
				MTL_ENABLE_DEBUG_INFO = NO;
				PRODUCT_BUNDLE_IDENTIFIER = "com.forever-beta.sup.watchkitapp";
				PRODUCT_NAME = "$(TARGET_NAME)";
				SDKROOT = watchos;
				WATCHOS_DEPLOYMENT_TARGET = 2.0;
			};
			name = Release;
		};
		ECC0DB832051B91C51D02A92 /* Debug */ = {
			isa = XCBuildConfiguration;
			buildSettings = {
				BUNDLE_LOADER = "$(TEST_HOST)";
				ENABLE_STRICT_OBJC_MSGSEND = YES;
				INFOPLIST_FILE = "./$(PRODUCT_NAME)/Supporting Files/Info.plist";
				IPHONEOS_DEPLOYMENT_TARGET = 8.4;
				MTL_ENABLE_DEBUG_INFO = YES;
				PRODUCT_NAME = "$(TARGET_NAME)";
				SDKROOT = iphoneos;
				TEST_HOST = "$(BUILT_PRODUCTS_DIR)/Sup.app/Sup";
			};
			name = Debug;
		};
		FBA793D8A6A6046112244D2C /* Release */ = {
			isa = XCBuildConfiguration;
			buildSettings = {
				ASSETCATALOG_COMPILER_APPICON_NAME = AppIcon;
				"CODE_SIGN_IDENTITY[sdk=iphoneos*]" = "iPhone Developer";
				ENABLE_BITCODE = NO;
				ENABLE_STRICT_OBJC_MSGSEND = YES;
				GCC_PREFIX_HEADER = SUP_PrefixHeader.pch;
				INFOPLIST_FILE = "./$(PRODUCT_NAME)/Supporting Files/Info.plist";
				IPHONEOS_DEPLOYMENT_TARGET = 8.4;
				LD_RUNPATH_SEARCH_PATHS = "$(inherited) @executable_path/Frameworks";
				MTL_ENABLE_DEBUG_INFO = NO;
				PRODUCT_BUNDLE_IDENTIFIER = "com.forever-beta.sup";
				PRODUCT_NAME = "$(TARGET_NAME)";
				SDKROOT = iphoneos;
				SWIFT_OBJC_BRIDGING_HEADER = "Sup/Sup-Bridging-Header.h";
				TARGETED_DEVICE_FAMILY = 1;
			};
			name = Release;
		};
/* End XCBuildConfiguration section */

/* Begin XCConfigurationList section */
		0D02BBE9EB1CE1C1A3CC614A /* Build configuration list for PBXNativeTarget "Sup-Watch" */ = {
			isa = XCConfigurationList;
			buildConfigurations = (
				BECB4A5E762CCF410E20A566 /* Debug */,
				D142E9CCBC735DFDE295FD44 /* Beta */,
				EB8CC1CF0F5B5FA2F9599FF5 /* Release */,
			);
			defaultConfigurationIsVisible = 0;
			defaultConfigurationName = Release;
		};
		B29F34E0EB3DC9A639881412 /* Build configuration list for PBXNativeTarget "Sup-Watch Extension" */ = {
			isa = XCConfigurationList;
			buildConfigurations = (
				5F84B2F8B4DEA96C0E90CEFD /* Debug */,
				C3F906894D45295A07E06148 /* Beta */,
				09618BB4E5E957055105AD53 /* Release */,
			);
			defaultConfigurationIsVisible = 0;
			defaultConfigurationName = Release;
		};
		CCE10CCEC07B2CF1CDDAE34C /* Build configuration list for PBXProject "Sup" */ = {
			isa = XCConfigurationList;
			buildConfigurations = (
				C7BD418F29412F4F32C99669 /* Debug */,
				0D7381A92EBF560D2801BE13 /* Beta */,
				2983784E06CF77FF7244C6A7 /* Release */,
			);
			defaultConfigurationIsVisible = 0;
			defaultConfigurationName = Release;
		};
		F72598DFCC6D62141DBC2C8B /* Build configuration list for PBXNativeTarget "SupTests" */ = {
			isa = XCConfigurationList;
			buildConfigurations = (
				ECC0DB832051B91C51D02A92 /* Debug */,
				EA838BB9AD28A92E27B36F6F /* Beta */,
				3BFDF46F83FA77D8A3E4FE19 /* Release */,
			);
			defaultConfigurationIsVisible = 0;
			defaultConfigurationName = Release;
		};
		FC626BCBC9CCEB8305A49AF9 /* Build configuration list for PBXNativeTarget "Sup" */ = {
			isa = XCConfigurationList;
			buildConfigurations = (
				0B8FFE2E0E1E275BE9F13652 /* Debug */,
				D41C037422888BE3E53A589A /* Beta */,
				FBA793D8A6A6046112244D2C /* Release */,
			);
			defaultConfigurationIsVisible = 0;
			defaultConfigurationName = Release;
		};
/* End XCConfigurationList section */
	};
	rootObject = ACC2B7A83B17E40260CD66E9 /* Project object */;
}
