// !$*UTF8*$!
{
	archiveVersion = 1;
	classes = {
	};
	objectVersion = 46;
	objects = {

/* Begin PBXBuildFile section */
		0E709B8BCFCE00406FB56B1A /* hi.c in Sources */ = {isa = PBXBuildFile; fileRef = 5E160C55DC4CCD26BCB654B7 /* hi.c */; };
		5FA21879F3510C6E0DD6F27D /* UIKit.framework in Frameworks */ = {isa = PBXBuildFile; fileRef = 4FAEB90166E261255B10B36E /* UIKit.framework */; };
		B01BA35FF1191D6FFE02CBBC /* Foundation.framework in Frameworks */ = {isa = PBXBuildFile; fileRef = 232F57E49F28547D245DC626 /* Foundation.framework */; };
		DB7DEDC7D4D24A13DE4CA4BA /* Images.xcassets in Resources */ = {isa = PBXBuildFile; fileRef = 95A73D3D58304CFAC57CE584 /* Images.xcassets */; };
/* End PBXBuildFile section */

/* Begin PBXFileReference section */
		232F57E49F28547D245DC626 /* Foundation.framework */ = {isa = PBXFileReference; lastKnownFileType = wrapper.framework; name = Foundation.framework; path = Platforms/iPhoneOS.platform/Developer/SDKs/iPhoneOS9.0.sdk/System/Library/Frameworks/Foundation.framework; sourceTree = DEVELOPER_DIR; };
		4773E856B620CC992CC86C3F /* test. */ = {isa = PBXFileReference; includeInIndex = 0; lastKnownFileType = wrapper.application; name = test.; path = test.app; sourceTree = BUILT_PRODUCTS_DIR; };
		4FAEB90166E261255B10B36E /* UIKit.framework */ = {isa = PBXFileReference; lastKnownFileType = wrapper.framework; name = UIKit.framework; path = Platforms/iPhoneOS.platform/Developer/SDKs/iPhoneOS9.0.sdk/System/Library/Frameworks/UIKit.framework; sourceTree = DEVELOPER_DIR; };
		5E160C55DC4CCD26BCB654B7 /* hi.c */ = {isa = PBXFileReference; includeInIndex = 1; lastKnownFileType = sourcecode.c.c; name = hi.c; path = test/hi.c; sourceTree = "<group>"; };
		95A73D3D58304CFAC57CE584 /* Images.xcassets */ = {isa = PBXFileReference; includeInIndex = 1; lastKnownFileType = folder.assetcatalog; name = Images.xcassets; path = test/Images.xcassets; sourceTree = "<group>"; };
/* End PBXFileReference section */

/* Begin PBXFrameworksBuildPhase section */
		F47575D2535BF7950C748190 /* Frameworks */ = {
			isa = PBXFrameworksBuildPhase;
			buildActionMask = 2147483647;
			files = (
				B01BA35FF1191D6FFE02CBBC /* Foundation.framework in Frameworks */,
				5FA21879F3510C6E0DD6F27D /* UIKit.framework in Frameworks */,
			);
			runOnlyForDeploymentPostprocessing = 0;
		};
/* End PBXFrameworksBuildPhase section */

/* Begin PBXGroup section */
		510B605637C221AA930BE5E4 = {
			isa = PBXGroup;
			children = (
				88EC3AE545BF7C06CAC878D9 /* Products */,
				C6938FB2BAD5D231F9822836 /* Frameworks */,
				AC4AE2781F4A0918040ACCFE /* test */,
			);
			sourceTree = "<group>";
		};
		684B47D659DFD2E9B2E873C4 /* iOS */ = {
			isa = PBXGroup;
			children = (
				232F57E49F28547D245DC626 /* Foundation.framework */,
				4FAEB90166E261255B10B36E /* UIKit.framework */,
			);
			name = iOS;
			sourceTree = "<group>";
		};
		88EC3AE545BF7C06CAC878D9 /* Products */ = {
			isa = PBXGroup;
			children = (
				4773E856B620CC992CC86C3F /* test. */,
			);
			name = Products;
			sourceTree = "<group>";
		};
		AC4AE2781F4A0918040ACCFE /* test */ = {
			isa = PBXGroup;
			children = (
				5E160C55DC4CCD26BCB654B7 /* hi.c */,
				95A73D3D58304CFAC57CE584 /* Images.xcassets */,
			);
			name = test;
			sourceTree = "<group>";
		};
		C6938FB2BAD5D231F9822836 /* Frameworks */ = {
			isa = PBXGroup;
			children = (
				684B47D659DFD2E9B2E873C4 /* iOS */,
			);
			name = Frameworks;
			sourceTree = "<group>";
		};
/* End PBXGroup section */

/* Begin PBXNativeTarget section */
		9A9BF882E39E119B697565BA /* test */ = {
			isa = PBXNativeTarget;
			buildConfigurationList = 3C8DD746006D5A5FA433DA81 /* Build configuration list for PBXNativeTarget "test" */;
			buildPhases = (
				F47575D2535BF7950C748190 /* Frameworks */,
				85DC4E9197CDCBAE5CCE32D6 /* Sources */,
				66209044982809A1864D9A8D /* Resources */,
			);
			buildRules = (
			);
			dependencies = (
			);
			name = test;
			productName = test;
			productReference = 4773E856B620CC992CC86C3F /* test. */;
			productType = "com.apple.product-type.application";
		};
/* End PBXNativeTarget section */

/* Begin PBXProject section */
		1AFFB43446C69B00C4E4741D /* Project object */ = {
			isa = PBXProject;
			attributes = {
				LastSwiftUpdateCheck = 0700;
				LastUpgradeCheck = 0700;
			};
			buildConfigurationList = E09F7EA7F95ADE31913F3BC0 /* Build configuration list for PBXProject "Project" */;
			compatibilityVersion = "Xcode 3.2";
			developmentRegion = English;
			hasScannedForEncodings = 0;
			knownRegions = (
				en,
			);
			mainGroup = 510B605637C221AA930BE5E4;
			productRefGroup = 88EC3AE545BF7C06CAC878D9 /* Products */;
			projectDirPath = "";
			projectRoot = "";
			targets = (
				9A9BF882E39E119B697565BA /* test */,
			);
		};
/* End PBXProject section */

/* Begin PBXResourcesBuildPhase section */
		66209044982809A1864D9A8D /* Resources */ = {
			isa = PBXResourcesBuildPhase;
			buildActionMask = 2147483647;
			files = (
				DB7DEDC7D4D24A13DE4CA4BA /* Images.xcassets in Resources */,
			);
			runOnlyForDeploymentPostprocessing = 0;
		};
/* End PBXResourcesBuildPhase section */

/* Begin PBXSourcesBuildPhase section */
		85DC4E9197CDCBAE5CCE32D6 /* Sources */ = {
			isa = PBXSourcesBuildPhase;
			buildActionMask = 2147483647;
			files = (
				0E709B8BCFCE00406FB56B1A /* hi.c in Sources */,
			);
			runOnlyForDeploymentPostprocessing = 0;
		};
/* End PBXSourcesBuildPhase section */

/* Begin XCBuildConfiguration section */
		1ADF49DE87B2A9619DF37112 /* debug */ = {
			isa = XCBuildConfiguration;
			buildSettings = {
				ASSETCATALOG_COMPILER_APPICON_NAME = AppIcon;
				"CODE_SIGN_IDENTITY[sdk=iphoneos*]" = "iPhone Developer";
				ENABLE_STRICT_OBJC_MSGSEND = YES;
				INFOPLIST_FILE = "./$(PRODUCT_NAME)/Supporting Files/Info.plist";
				IPHONEOS_DEPLOYMENT_TARGET = 8.0;
				LD_RUNPATH_SEARCH_PATHS = "$(inherited) @executable_path/Frameworks";
				MTL_ENABLE_DEBUG_INFO = YES;
				PRODUCT_NAME = "$(TARGET_NAME)";
				SDKROOT = iphoneos;
			};
			name = debug;
		};
		280F11F6C2D0AFEABC0A8D75 /* release */ = {
			isa = XCBuildConfiguration;
			buildSettings = {
				ASSETCATALOG_COMPILER_APPICON_NAME = AppIcon;
				"CODE_SIGN_IDENTITY[sdk=iphoneos*]" = "iPhone Developer";
				ENABLE_STRICT_OBJC_MSGSEND = YES;
				INFOPLIST_FILE = "./$(PRODUCT_NAME)/Supporting Files/Info.plist";
				IPHONEOS_DEPLOYMENT_TARGET = 8.0;
				LD_RUNPATH_SEARCH_PATHS = "$(inherited) @executable_path/Frameworks";
				MTL_ENABLE_DEBUG_INFO = NO;
				PRODUCT_NAME = "$(TARGET_NAME)";
				SDKROOT = iphoneos;
			};
			name = release;
		};
		4CB51C55E258CC8D1DEBFF83 /* debug */ = {
			isa = XCBuildConfiguration;
			buildSettings = {
				ALWAYS_SEARCH_USER_PATHS = NO;
				CLANG_CXX_LANGUAGE_STANDARD = "gnu++0x";
				CLANG_CXX_LIBRARY = "libc++";
				CLANG_ENABLE_MODULES = YES;
				CLANG_ENABLE_OBJC_ARC = YES;
				CLANG_WARN_BOOL_CONVERSION = YES;
				CLANG_WARN_CONSTANT_CONVERSION = YES;
				CLANG_WARN_DIRECT_OBJC_ISA_USAGE = YES;
				CLANG_WARN_EMPTY_BODY = YES;
				CLANG_WARN_ENUM_CONVERSION = YES;
				CLANG_WARN_INT_CONVERSION = YES;
				CLANG_WARN_OBJC_ROOT_CLASS = YES;
				CLANG_WARN_UNREACHABLE_CODE = YES;
				CLANG_WARN__DUPLICATE_METHOD_MATCH = YES;
				COPY_PHASE_STRIP = NO;
				GCC_C_LANGUAGE_STANDARD = gnu99;
				GCC_DYNAMIC_NO_PIC = NO;
				GCC_OPTIMIZATION_LEVEL = 0;
				GCC_PREPROCESSOR_DEFINITIONS = (
					"DEBUG=1",
					"$(inherited)",
				);
				GCC_SYMBOLS_PRIVATE_EXTERN = NO;
				GCC_WARN_64_TO_32_BIT_CONVERSION = YES;
				GCC_WARN_ABOUT_RETURN_TYPE = YES;
				GCC_WARN_UNDECLARED_SELECTOR = YES;
				GCC_WARN_UNINITIALIZED_AUTOS = YES;
				GCC_WARN_UNUSED_FUNCTION = YES;
				GCC_WARN_UNUSED_VARIABLE = YES;
				ONLY_ACTIVE_ARCH = YES;
			};
			name = debug;
		};
		8962A608D0154A7862C85BCC /* release */ = {
			isa = XCBuildConfiguration;
			buildSettings = {
				ALWAYS_SEARCH_USER_PATHS = NO;
				CLANG_CXX_LANGUAGE_STANDARD = "gnu++0x";
				CLANG_CXX_LIBRARY = "libc++";
				CLANG_ENABLE_MODULES = YES;
				CLANG_ENABLE_OBJC_ARC = YES;
				CLANG_WARN_BOOL_CONVERSION = YES;
				CLANG_WARN_CONSTANT_CONVERSION = YES;
				CLANG_WARN_DIRECT_OBJC_ISA_USAGE = YES;
				CLANG_WARN_EMPTY_BODY = YES;
				CLANG_WARN_ENUM_CONVERSION = YES;
				CLANG_WARN_INT_CONVERSION = YES;
				CLANG_WARN_OBJC_ROOT_CLASS = YES;
				CLANG_WARN_UNREACHABLE_CODE = YES;
				CLANG_WARN__DUPLICATE_METHOD_MATCH = YES;
				COPY_PHASE_STRIP = YES;
				ENABLE_NS_ASSERTIONS = NO;
				GCC_C_LANGUAGE_STANDARD = gnu99;
				GCC_WARN_64_TO_32_BIT_CONVERSION = YES;
				GCC_WARN_ABOUT_RETURN_TYPE = YES;
				GCC_WARN_UNDECLARED_SELECTOR = YES;
				GCC_WARN_UNINITIALIZED_AUTOS = YES;
				GCC_WARN_UNUSED_FUNCTION = YES;
				GCC_WARN_UNUSED_VARIABLE = YES;
				VALIDATE_PRODUCT = YES;
			};
			name = release;
		};
/* End XCBuildConfiguration section */

/* Begin XCConfigurationList section */
		3C8DD746006D5A5FA433DA81 /* Build configuration list for PBXNativeTarget "test" */ = {
			isa = XCConfigurationList;
			buildConfigurations = (
				1ADF49DE87B2A9619DF37112 /* debug */,
				280F11F6C2D0AFEABC0A8D75 /* release */,
			);
			defaultConfigurationIsVisible = 0;
			defaultConfigurationName = Release;
		};
		E09F7EA7F95ADE31913F3BC0 /* Build configuration list for PBXProject "Project" */ = {
			isa = XCConfigurationList;
			buildConfigurations = (
				4CB51C55E258CC8D1DEBFF83 /* debug */,
				8962A608D0154A7862C85BCC /* release */,
			);
			defaultConfigurationIsVisible = 0;
			defaultConfigurationName = debug;
		};
/* End XCConfigurationList section */
	};
	rootObject = 1AFFB43446C69B00C4E4741D /* Project object */;
}
