// !$*UTF8*$!
{
	archiveVersion = 1;
	classes = {
	};
	objectVersion = 46;
	objects = {

/* Begin PBXBuildFile section */
		1A9F172B267738493DEA1571 /* AdSupport.framework in Frameworks */ = {isa = PBXBuildFile; fileRef = 40E93EF8C4329C4C92DC1E65 /* AdSupport.framework */; };
		1D3CABBB73CF4AFF9A4FCBB2 /* Foundation.framework in Frameworks */ = {isa = PBXBuildFile; fileRef = 03F3824371A1E4408E2FB2B0 /* Foundation.framework */; };
		1E0CCBA054195BE5E8ABA7D1 /* CakeMania.entitlements in Resources */ = {isa = PBXBuildFile; fileRef = 233946501B63EE884C17A9FF /* CakeMania.entitlements */; };
		1EC23763D8902D70E13A4F64 /* LaunchScreen.storyboard in Resources */ = {isa = PBXBuildFile; fileRef = D97159C83751AB90A792F4AA /* LaunchScreen.storyboard */; };
		2A76411DCDCF20C903670F25 /* CakeMania.xcassets in Resources */ = {isa = PBXBuildFile; fileRef = A030EF7456BEF44CD0ABD49E /* CakeMania.xcassets */; };
		3358D06E2A2E7155563DF253 /* UIKit.framework in Frameworks */ = {isa = PBXBuildFile; fileRef = 1D454AC2732E9F1ABDBD2F47 /* UIKit.framework */; };
		36DCAD0942F2444553620FA8 /* Main.storyboard in Resources */ = {isa = PBXBuildFile; fileRef = B48296069116EC3AD1774038 /* Main.storyboard */; };
		56461110276353046FACB556 /* Main.swift in Sources */ = {isa = PBXBuildFile; fileRef = 5698974501779D6E46772C57 /* Main.swift */; };
		782318EA510088E47AEA10E3 /* Main.swift in Sources */ = {isa = PBXBuildFile; fileRef = E9E4DB4C776788482EFF552F /* Main.swift */; };
		82179FDBCC50EFCDF028BF4B /* Foundation.framework in Frameworks */ = {isa = PBXBuildFile; fileRef = 03F3824371A1E4408E2FB2B0 /* Foundation.framework */; };
		965D308FDDE56E8F77005A02 /* QuartzCore.framework in Frameworks */ = {isa = PBXBuildFile; fileRef = D612857D1DD700F5559DF7C1 /* QuartzCore.framework */; };
		9775CF6B046CCAC66F6A94A0 /* ViewController.swift in Sources */ = {isa = PBXBuildFile; fileRef = ED264238795EBA1EB00175AA /* ViewController.swift */; };
		97F1C77BCA207DD47F0B921F /* Foundation.framework in Frameworks */ = {isa = PBXBuildFile; fileRef = 03F3824371A1E4408E2FB2B0 /* Foundation.framework */; };
		A9969F0EC4547EBE1AC3CE75 /* CakeMania-test.entitlements in Resources */ = {isa = PBXBuildFile; fileRef = 7BEAD9728F28E4E2150838F2 /* CakeMania-test.entitlements */; };
		AE858AD1E5964B2ACFA92939 /* UIKit.framework in Frameworks */ = {isa = PBXBuildFile; fileRef = 1D454AC2732E9F1ABDBD2F47 /* UIKit.framework */; };
		C53F77FB9002301C7B8EA4FF /* UIKit.framework in Frameworks */ = {isa = PBXBuildFile; fileRef = 1D454AC2732E9F1ABDBD2F47 /* UIKit.framework */; };
		CA3B3C86953FC08924F58DD4 /* AppDelegate.swift in Sources */ = {isa = PBXBuildFile; fileRef = B8CAB48CB5A0DDDB91E98D79 /* AppDelegate.swift */; };
		E9843DC5AA3FE2C9682725C2 /* Prefix.pch in Resources */ = {isa = PBXBuildFile; fileRef = A8DF1F5192ABEA033D5B2D68 /* Prefix.pch */; };
/* End PBXBuildFile section */

/* Begin PBXFileReference section */
		03F3824371A1E4408E2FB2B0 /* Foundation.framework */ = {isa = PBXFileReference; lastKnownFileType = wrapper.framework; name = Foundation.framework; path = Platforms/iPhoneOS.platform/Developer/SDKs/iPhoneOS9.3.sdk/System/Library/Frameworks/Foundation.framework; sourceTree = DEVELOPER_DIR; };
		1D454AC2732E9F1ABDBD2F47 /* UIKit.framework */ = {isa = PBXFileReference; lastKnownFileType = wrapper.framework; name = UIKit.framework; path = Platforms/iPhoneOS.platform/Developer/SDKs/iPhoneOS9.3.sdk/System/Library/Frameworks/UIKit.framework; sourceTree = DEVELOPER_DIR; };
		233946501B63EE884C17A9FF /* CakeMania.entitlements */ = {isa = PBXFileReference; includeInIndex = 1; lastKnownFileType = text.plist.entitlements; path = CakeMania.entitlements; sourceTree = "<group>"; };
		27E8A4BEFAA7B3302EDE8E99 /* CakeMania. */ = {isa = PBXFileReference; includeInIndex = 0; lastKnownFileType = wrapper.application; name = CakeMania.; path = CakeMania.app; sourceTree = BUILT_PRODUCTS_DIR; };
		40E93EF8C4329C4C92DC1E65 /* AdSupport.framework */ = {isa = PBXFileReference; lastKnownFileType = wrapper.framework; name = AdSupport.framework; path = Platforms/iPhoneOS.platform/Developer/SDKs/iPhoneOS9.3.sdk/System/Library/Frameworks/AdSupport.framework; sourceTree = DEVELOPER_DIR; };
		5698974501779D6E46772C57 /* Main.swift */ = {isa = PBXFileReference; includeInIndex = 1; lastKnownFileType = sourcecode.swift; path = Main.swift; sourceTree = "<group>"; };
		60E140428F554B4D1D6DB890 /* CakeManiaTst. */ = {isa = PBXFileReference; includeInIndex = 0; lastKnownFileType = file; name = CakeManiaTst.; path = CakeManiaTst.xctest; sourceTree = BUILT_PRODUCTS_DIR; };
		750EB1B4E2920087D7539B2D /* CakeManiaUITst. */ = {isa = PBXFileReference; includeInIndex = 0; lastKnownFileType = file; name = CakeManiaUITst.; path = CakeManiaUITst.xctest; sourceTree = BUILT_PRODUCTS_DIR; };
		7BEAD9728F28E4E2150838F2 /* CakeMania-test.entitlements */ = {isa = PBXFileReference; includeInIndex = 1; lastKnownFileType = text.plist.entitlements; path = "CakeMania-test.entitlements"; sourceTree = "<group>"; };
		A030EF7456BEF44CD0ABD49E /* CakeMania.xcassets */ = {isa = PBXFileReference; includeInIndex = 1; lastKnownFileType = folder.assetcatalog; path = CakeMania.xcassets; sourceTree = "<group>"; };
		A8DF1F5192ABEA033D5B2D68 /* Prefix.pch */ = {isa = PBXFileReference; includeInIndex = 1; lastKnownFileType = sourcecode.c.h; path = Prefix.pch; sourceTree = "<group>"; };
		B48296069116EC3AD1774038 /* Main.storyboard */ = {isa = PBXFileReference; includeInIndex = 1; lastKnownFileType = file.storyboard; name = Main.storyboard; path = Base.lproj/Main.storyboard; sourceTree = "<group>"; };
		B8CAB48CB5A0DDDB91E98D79 /* AppDelegate.swift */ = {isa = PBXFileReference; includeInIndex = 1; lastKnownFileType = sourcecode.swift; path = AppDelegate.swift; sourceTree = "<group>"; };
		D4EDB95E044E95DDE0B45123 /* CakeMania-Bridging-Header.h */ = {isa = PBXFileReference; includeInIndex = 1; lastKnownFileType = sourcecode.c.h; path = "CakeMania-Bridging-Header.h"; sourceTree = "<group>"; };
		D612857D1DD700F5559DF7C1 /* QuartzCore.framework */ = {isa = PBXFileReference; lastKnownFileType = wrapper.framework; name = QuartzCore.framework; path = Platforms/iPhoneOS.platform/Developer/SDKs/iPhoneOS9.3.sdk/System/Library/Frameworks/QuartzCore.framework; sourceTree = DEVELOPER_DIR; };
		D97159C83751AB90A792F4AA /* LaunchScreen.storyboard */ = {isa = PBXFileReference; includeInIndex = 1; lastKnownFileType = file.storyboard; name = LaunchScreen.storyboard; path = Base.lproj/LaunchScreen.storyboard; sourceTree = "<group>"; };
		E9E4DB4C776788482EFF552F /* Main.swift */ = {isa = PBXFileReference; includeInIndex = 1; lastKnownFileType = sourcecode.swift; path = Main.swift; sourceTree = "<group>"; };
		ED264238795EBA1EB00175AA /* ViewController.swift */ = {isa = PBXFileReference; includeInIndex = 1; lastKnownFileType = sourcecode.swift; path = ViewController.swift; sourceTree = "<group>"; };
/* End PBXFileReference section */

/* Begin PBXFrameworksBuildPhase section */
		AD69EB8D300C73E5871AAE55 /* Frameworks */ = {
			isa = PBXFrameworksBuildPhase;
			buildActionMask = 2147483647;
			files = (
				1D3CABBB73CF4AFF9A4FCBB2 /* Foundation.framework in Frameworks */,
				AE858AD1E5964B2ACFA92939 /* UIKit.framework in Frameworks */,
				1A9F172B267738493DEA1571 /* AdSupport.framework in Frameworks */,
				965D308FDDE56E8F77005A02 /* QuartzCore.framework in Frameworks */,
			);
			runOnlyForDeploymentPostprocessing = 0;
		};
		C27C5E5B46A4F766575DE138 /* Frameworks */ = {
			isa = PBXFrameworksBuildPhase;
			buildActionMask = 2147483647;
			files = (
				82179FDBCC50EFCDF028BF4B /* Foundation.framework in Frameworks */,
				3358D06E2A2E7155563DF253 /* UIKit.framework in Frameworks */,
			);
			runOnlyForDeploymentPostprocessing = 0;
		};
		E5A76B65EFD10A2C65CE12BF /* Frameworks */ = {
			isa = PBXFrameworksBuildPhase;
			buildActionMask = 2147483647;
			files = (
				97F1C77BCA207DD47F0B921F /* Foundation.framework in Frameworks */,
				C53F77FB9002301C7B8EA4FF /* UIKit.framework in Frameworks */,
			);
			runOnlyForDeploymentPostprocessing = 0;
		};
/* End PBXFrameworksBuildPhase section */

/* Begin PBXGroup section */
		290486E76E6E6199ED427118 /* Tst */ = {
			isa = PBXGroup;
			children = (
				E9E4DB4C776788482EFF552F /* Main.swift */,
			);
			path = Tst;
			sourceTree = "<group>";
		};
		3C88CD2E01D71F1AA4BDEBBC /* UITst */ = {
			isa = PBXGroup;
			children = (
				5698974501779D6E46772C57 /* Main.swift */,
			);
			path = UITst;
			sourceTree = "<group>";
		};
		441B4997741B6B889B6D8497 /* Res */ = {
			isa = PBXGroup;
			children = (
				7BEAD9728F28E4E2150838F2 /* CakeMania-test.entitlements */,
				233946501B63EE884C17A9FF /* CakeMania.entitlements */,
				A030EF7456BEF44CD0ABD49E /* CakeMania.xcassets */,
			);
			path = Res;
			sourceTree = "<group>";
		};
		4B3C9119160F9BE56A2DEA0E /* Frameworks */ = {
			isa = PBXGroup;
			children = (
				AE23653262A9136C79282587 /* iOS */,
			);
			name = Frameworks;
			sourceTree = "<group>";
		};
		4DC34546851300A4D0CF36C6 /* Products */ = {
			isa = PBXGroup;
			children = (
				60E140428F554B4D1D6DB890 /* CakeManiaTst. */,
				750EB1B4E2920087D7539B2D /* CakeManiaUITst. */,
				27E8A4BEFAA7B3302EDE8E99 /* CakeMania. */,
			);
			name = Products;
			sourceTree = "<group>";
		};
		70989B444201A7F04E1354CF /* ObjC */ = {
			isa = PBXGroup;
			children = (
				D4EDB95E044E95DDE0B45123 /* CakeMania-Bridging-Header.h */,
				A8DF1F5192ABEA033D5B2D68 /* Prefix.pch */,
			);
			path = ObjC;
			sourceTree = "<group>";
		};
		88C43E76F5803CD4FA4548A4 = {
			isa = PBXGroup;
			children = (
				4DC34546851300A4D0CF36C6 /* Products */,
				4B3C9119160F9BE56A2DEA0E /* Frameworks */,
				290486E76E6E6199ED427118 /* Tst */,
				3C88CD2E01D71F1AA4BDEBBC /* UITst */,
				9F853CC88BD437AC7C5B892C /* Src */,
				441B4997741B6B889B6D8497 /* Res */,
			);
			sourceTree = "<group>";
		};
		9F853CC88BD437AC7C5B892C /* Src */ = {
			isa = PBXGroup;
			children = (
				B8CAB48CB5A0DDDB91E98D79 /* AppDelegate.swift */,
				88C5E1B3781EE3103CD72257 /* LaunchScreen.storyboard */,
				C62D31777BAE12DA428188AC /* Main.storyboard */,
				70989B444201A7F04E1354CF /* ObjC */,
				ED264238795EBA1EB00175AA /* ViewController.swift */,
			);
			path = Src;
			sourceTree = "<group>";
		};
		AE23653262A9136C79282587 /* iOS */ = {
			isa = PBXGroup;
			children = (
				03F3824371A1E4408E2FB2B0 /* Foundation.framework */,
				1D454AC2732E9F1ABDBD2F47 /* UIKit.framework */,
				40E93EF8C4329C4C92DC1E65 /* AdSupport.framework */,
				D612857D1DD700F5559DF7C1 /* QuartzCore.framework */,
			);
			name = iOS;
			sourceTree = "<group>";
		};
/* End PBXGroup section */

/* Begin PBXNativeTarget section */
		4D92BE07FADBC9796349860D /* CakeManiaTst */ = {
			isa = PBXNativeTarget;
			buildConfigurationList = 0E5E578447F51AFC3E94A486 /* Build configuration list for PBXNativeTarget "CakeManiaTst" */;
			buildPhases = (
				E5A76B65EFD10A2C65CE12BF /* Frameworks */,
				BF98CBBBA19B56EF7C1D1CA2 /* Sources */,
			);
			buildRules = (
			);
			dependencies = (
			);
			name = CakeManiaTst;
			productName = CakeManiaTst;
			productReference = 60E140428F554B4D1D6DB890 /* CakeManiaTst. */;
			productType = "com.apple.product-type.bundle.unit-test";
		};
		D2CF49CEAF900441E70E24B1 /* CakeMania */ = {
			isa = PBXNativeTarget;
			buildConfigurationList = 9DF56565C99F55BC9A08B5C5 /* Build configuration list for PBXNativeTarget "CakeMania" */;
			buildPhases = (
				AD69EB8D300C73E5871AAE55 /* Frameworks */,
				C2A2B0A2CC313D8193AEABD3 /* Sources */,
				C861B203415C25C25F56ACA3 /* Resources */,
			);
			buildRules = (
			);
			dependencies = (
			);
			name = CakeMania;
			productName = CakeMania;
			productReference = 27E8A4BEFAA7B3302EDE8E99 /* CakeMania. */;
			productType = "com.apple.product-type.application";
		};
		E1D6D3AA914753263EC9C524 /* CakeManiaUITst */ = {
			isa = PBXNativeTarget;
			buildConfigurationList = 82CB4AE1149629539FC74E93 /* Build configuration list for PBXNativeTarget "CakeManiaUITst" */;
			buildPhases = (
				C27C5E5B46A4F766575DE138 /* Frameworks */,
				932294DE1072BFAA08F49FCD /* Sources */,
			);
			buildRules = (
			);
			dependencies = (
			);
			name = CakeManiaUITst;
			productName = CakeManiaUITst;
			productReference = 750EB1B4E2920087D7539B2D /* CakeManiaUITst. */;
			productType = "com.apple.product-type.bundle.ui-testing";
		};
/* End PBXNativeTarget section */

/* Begin PBXProject section */
		3E636A4CD6038FC4E0203680 /* Project object */ = {
			isa = PBXProject;
			attributes = {
				CLASSPREFIX = CMN;
				LastSwiftUpdateCheck = 0730;
				LastUpgradeCheck = 0700;
				ORGANIZATIONNAME = "CakeMania Inc.";
				TargetAttributes = {
					D2CF49CEAF900441E70E24B1 = {
						DevelopmentTeam = XYZXYZ;
					};
				};
			};
			buildConfigurationList = 1B59C494C54B0AC970BC00AA /* Build configuration list for PBXProject "CakeMania" */;
			compatibilityVersion = "Xcode 3.2";
			developmentRegion = English;
			hasScannedForEncodings = 0;
			knownRegions = (
				en,
			);
			mainGroup = 88C43E76F5803CD4FA4548A4;
			productRefGroup = 4DC34546851300A4D0CF36C6 /* Products */;
			projectDirPath = "";
			projectRoot = "";
			targets = (
				4D92BE07FADBC9796349860D /* CakeManiaTst */,
				E1D6D3AA914753263EC9C524 /* CakeManiaUITst */,
				D2CF49CEAF900441E70E24B1 /* CakeMania */,
			);
		};
/* End PBXProject section */

/* Begin PBXResourcesBuildPhase section */
		C861B203415C25C25F56ACA3 /* Resources */ = {
			isa = PBXResourcesBuildPhase;
			buildActionMask = 2147483647;
			files = (
				1EC23763D8902D70E13A4F64 /* LaunchScreen.storyboard in Resources */,
				36DCAD0942F2444553620FA8 /* Main.storyboard in Resources */,
				E9843DC5AA3FE2C9682725C2 /* Prefix.pch in Resources */,
				A9969F0EC4547EBE1AC3CE75 /* CakeMania-test.entitlements in Resources */,
				1E0CCBA054195BE5E8ABA7D1 /* CakeMania.entitlements in Resources */,
				2A76411DCDCF20C903670F25 /* CakeMania.xcassets in Resources */,
			);
			runOnlyForDeploymentPostprocessing = 0;
		};
/* End PBXResourcesBuildPhase section */

/* Begin PBXSourcesBuildPhase section */
		932294DE1072BFAA08F49FCD /* Sources */ = {
			isa = PBXSourcesBuildPhase;
			buildActionMask = 2147483647;
			files = (
				56461110276353046FACB556 /* Main.swift in Sources */,
			);
			runOnlyForDeploymentPostprocessing = 0;
		};
		BF98CBBBA19B56EF7C1D1CA2 /* Sources */ = {
			isa = PBXSourcesBuildPhase;
			buildActionMask = 2147483647;
			files = (
				782318EA510088E47AEA10E3 /* Main.swift in Sources */,
			);
			runOnlyForDeploymentPostprocessing = 0;
		};
		C2A2B0A2CC313D8193AEABD3 /* Sources */ = {
			isa = PBXSourcesBuildPhase;
			buildActionMask = 2147483647;
			files = (
				CA3B3C86953FC08924F58DD4 /* AppDelegate.swift in Sources */,
				9775CF6B046CCAC66F6A94A0 /* ViewController.swift in Sources */,
			);
			runOnlyForDeploymentPostprocessing = 0;
		};
/* End PBXSourcesBuildPhase section */

/* Begin PBXVariantGroup section */
		88C5E1B3781EE3103CD72257 /* LaunchScreen.storyboard */ = {
			isa = PBXVariantGroup;
			children = (
				D97159C83751AB90A792F4AA /* LaunchScreen.storyboard */,
			);
			name = LaunchScreen.storyboard;
			sourceTree = "<group>";
		};
		C62D31777BAE12DA428188AC /* Main.storyboard */ = {
			isa = PBXVariantGroup;
			children = (
				B48296069116EC3AD1774038 /* Main.storyboard */,
			);
			name = Main.storyboard;
			sourceTree = "<group>";
		};
/* End PBXVariantGroup section */

/* Begin XCBuildConfiguration section */
		12A1AADE57B731C8C92AF437 /* Production */ = {
			isa = XCBuildConfiguration;
			buildSettings = {
				ASSETCATALOG_COMPILER_APPICON_NAME = AppIcon;
				CODE_SIGN_ENTITLEMENTS = Res/CakeMania.entitlements;
				"CODE_SIGN_IDENTITY[sdk=iphoneos*]" = "iPhone Developer";
				DEBUG_INFORMATION_FORMAT = "dwarf-with-dsym";
				DEVELOPMENT_TEAM = XYZXYZ;
				ENABLE_STRICT_OBJC_MSGSEND = YES;
				FACEBOOK_KEY = 888888888888888;
				GCC_NO_COMMON_BLOCKS = YES;
				GCC_PREFIX_HEADER = Src/ObjC/Prefix.pch;
				GCC_PREPROCESSOR_DEFINITIONS = (
					"$(inherited)",
					"CONFIG_PRODUCTION=1",
				);
				INFOPLIST_FILE = Info/CakeMania.plist;
				IPHONEOS_DEPLOYMENT_TARGET = 8.0;
				LD_RUNPATH_SEARCH_PATHS = "$(inherited) @executable_path/Frameworks";
				LIBRARY_SEARCH_PATHS = (
					"$(inherited)",
					"$(SRCROOT)/Lib/**",
				);
				MTL_ENABLE_DEBUG_INFO = NO;
				OTHER_LDFLAGS = (
					"$(inherited)",
					"-ObjC",
				);
				OTHER_SWIFT_FLAGS = "$(inherited) -DCONFIG_PRODUCTION";
				PRODUCT_BUNDLE_IDENTIFIER = com.CakeMania.CakeMania;
				PRODUCT_NAME = "$(TARGET_NAME)";
				PROVISIONING_PROFILE = XXX;
				SDKROOT = iphoneos;
				SWIFT_OBJC_BRIDGING_HEADER = "Src/ObjC/CakeMania-Bridging-Header.h";
				TARGETED_DEVICE_FAMILY = "1,2";
			};
			name = Production;
		};
		27624358C510544A1B82F8BE /* Debug */ = {
			isa = XCBuildConfiguration;
			buildSettings = {
				BUNDLE_LOADER = "$(TEST_HOST)";
				DEBUG_INFORMATION_FORMAT = dwarf;
				ENABLE_STRICT_OBJC_MSGSEND = YES;
				GCC_NO_COMMON_BLOCKS = YES;
				INFOPLIST_FILE = Info/CakeManiaTst.plist;
				IPHONEOS_DEPLOYMENT_TARGET = 8.0;
				MTL_ENABLE_DEBUG_INFO = YES;
				PRODUCT_NAME = "$(TARGET_NAME)";
				SDKROOT = iphoneos;
				SWIFT_OPTIMIZATION_LEVEL = "-Onone";
				TEST_HOST = "$(BUILT_PRODUCTS_DIR)/CakeMania.app/CakeMania";
			};
			name = Debug;
		};
		3BA40C8C3F57B0110C115243 /* Production */ = {
			isa = XCBuildConfiguration;
			buildSettings = {
				ALWAYS_EMBED_SWIFT_STANDARD_LIBRARIES = "$(inherited)";
				ALWAYS_SEARCH_USER_PATHS = NO;
				CLANG_ANALYZER_NONNULL = YES;
				CLANG_CXX_LANGUAGE_STANDARD = "gnu++0x";
				CLANG_CXX_LIBRARY = "libc++";
				CLANG_ENABLE_MODULES = YES;
				CLANG_ENABLE_OBJC_ARC = YES;
				CLANG_WARN_BOOL_CONVERSION = YES;
				CLANG_WARN_CONSTANT_CONVERSION = YES;
				CLANG_WARN_DIRECT_OBJC_ISA_USAGE = YES_ERROR;
				CLANG_WARN_EMPTY_BODY = YES;
				CLANG_WARN_ENUM_CONVERSION = YES;
				CLANG_WARN_INFINITE_RECURSION = YES;
				CLANG_WARN_INT_CONVERSION = YES;
				CLANG_WARN_OBJC_ROOT_CLASS = YES_ERROR;
				CLANG_WARN_SUSPICIOUS_MOVE = YES;
				CLANG_WARN_UNREACHABLE_CODE = YES;
				CLANG_WARN__DUPLICATE_METHOD_MATCH = YES;
				COPY_PHASE_STRIP = YES;
				CURRENT_PROJECT_VERSION = 1;
				DEFINES_MODULE = YES;
				ENABLE_BITCODE = YES;
				ENABLE_NS_ASSERTIONS = NO;
				ENABLE_STRICT_OBJC_MSGSEND = YES;
				GCC_C_LANGUAGE_STANDARD = gnu99;
				GCC_DYNAMIC_NO_PIC = NO;
				GCC_NO_COMMON_BLOCKS = YES;
				GCC_WARN_64_TO_32_BIT_CONVERSION = YES;
				GCC_WARN_ABOUT_RETURN_TYPE = YES_ERROR;
				GCC_WARN_UNDECLARED_SELECTOR = YES;
				GCC_WARN_UNINITIALIZED_AUTOS = YES_AGGRESSIVE;
				GCC_WARN_UNUSED_FUNCTION = YES;
				GCC_WARN_UNUSED_VARIABLE = YES;
				OTHER_CFLAGS = (
					"$(inherited)",
					"-DNS_BLOCK_ASSERTIONS=1",
				);
				SDKROOT = iphoneos;
				SWIFT_OPTIMIZATION_LEVEL = "-Onone";
				SWIFT_VERSION = 3.0.1;
				VALIDATE_PRODUCT = YES;
			};
			name = Production;
		};
		4DCA4889DEA1477C157409C8 /* AppStore */ = {
			isa = XCBuildConfiguration;
			buildSettings = {
				ASSETCATALOG_COMPILER_APPICON_NAME = AppIcon;
				CODE_SIGN_ENTITLEMENTS = Res/CakeMania.entitlements;
				"CODE_SIGN_IDENTITY[sdk=iphoneos*]" = "iPhone Developer";
				DEBUG_INFORMATION_FORMAT = "dwarf-with-dsym";
				DEVELOPMENT_TEAM = XYZXYZ;
				ENABLE_STRICT_OBJC_MSGSEND = YES;
				FACEBOOK_KEY = 888888888888888;
				GCC_NO_COMMON_BLOCKS = YES;
				GCC_PREFIX_HEADER = Src/ObjC/Prefix.pch;
				GCC_PREPROCESSOR_DEFINITIONS = (
					"$(inherited)",
					"CONFIG_APPSTORE=1",
				);
				INFOPLIST_FILE = Info/CakeMania.plist;
				IPHONEOS_DEPLOYMENT_TARGET = 8.0;
				LD_RUNPATH_SEARCH_PATHS = "$(inherited) @executable_path/Frameworks";
				LIBRARY_SEARCH_PATHS = (
					"$(inherited)",
					"$(SRCROOT)/Lib/**",
				);
				MTL_ENABLE_DEBUG_INFO = NO;
				OTHER_LDFLAGS = (
					"$(inherited)",
					"-ObjC",
				);
				OTHER_SWIFT_FLAGS = "$(inherited) -DCONFIG_APPSTORE";
				PRODUCT_BUNDLE_IDENTIFIER = com.CakeMania.CakeMania;
				PRODUCT_NAME = "$(TARGET_NAME)";
				PROVISIONING_PROFILE = YYY;
				SDKROOT = iphoneos;
				SWIFT_OBJC_BRIDGING_HEADER = "Src/ObjC/CakeMania-Bridging-Header.h";
				TARGETED_DEVICE_FAMILY = "1,2";
			};
			name = AppStore;
		};
		50A0F334DC3C05B6CD85D4B1 /* AppStore */ = {
			isa = XCBuildConfiguration;
			buildSettings = {
				BUNDLE_LOADER = "$(TEST_HOST)";
				DEBUG_INFORMATION_FORMAT = "dwarf-with-dsym";
				ENABLE_STRICT_OBJC_MSGSEND = YES;
				GCC_NO_COMMON_BLOCKS = YES;
				INFOPLIST_FILE = Info/CakeManiaUITst.plist;
				IPHONEOS_DEPLOYMENT_TARGET = 8.0;
				MTL_ENABLE_DEBUG_INFO = NO;
				PRODUCT_NAME = "$(TARGET_NAME)";
				SDKROOT = iphoneos;
				TEST_HOST = "$(BUILT_PRODUCTS_DIR)/CakeMania.app/CakeMania";
			};
			name = AppStore;
		};
		65AC54FB0874B4C67692800F /* Production */ = {
			isa = XCBuildConfiguration;
			buildSettings = {
				BUNDLE_LOADER = "$(TEST_HOST)";
				DEBUG_INFORMATION_FORMAT = "dwarf-with-dsym";
				ENABLE_STRICT_OBJC_MSGSEND = YES;
				GCC_NO_COMMON_BLOCKS = YES;
				INFOPLIST_FILE = Info/CakeManiaUITst.plist;
				IPHONEOS_DEPLOYMENT_TARGET = 8.0;
				MTL_ENABLE_DEBUG_INFO = NO;
				PRODUCT_NAME = "$(TARGET_NAME)";
				SDKROOT = iphoneos;
				TEST_HOST = "$(BUILT_PRODUCTS_DIR)/CakeMania.app/CakeMania";
			};
			name = Production;
		};
		6DE530B87F9A83E96F6ECDD2 /* RC */ = {
			isa = XCBuildConfiguration;
			buildSettings = {
				BUNDLE_LOADER = "$(TEST_HOST)";
				DEBUG_INFORMATION_FORMAT = "dwarf-with-dsym";
				ENABLE_STRICT_OBJC_MSGSEND = YES;
				GCC_NO_COMMON_BLOCKS = YES;
				INFOPLIST_FILE = Info/CakeManiaUITst.plist;
				IPHONEOS_DEPLOYMENT_TARGET = 8.0;
				MTL_ENABLE_DEBUG_INFO = NO;
				PRODUCT_NAME = "$(TARGET_NAME)";
				SDKROOT = iphoneos;
				TEST_HOST = "$(BUILT_PRODUCTS_DIR)/CakeMania.app/CakeMania";
			};
			name = RC;
		};
		74B0CC3CA54690B4733F4FD5 /* RC */ = {
			isa = XCBuildConfiguration;
			buildSettings = {
				ASSETCATALOG_COMPILER_APPICON_NAME = AppIcon;
				CODE_SIGN_ENTITLEMENTS = "Res/CakeMania-test.entitlements";
				"CODE_SIGN_IDENTITY[sdk=iphoneos*]" = "iPhone Developer";
				DEBUG_INFORMATION_FORMAT = "dwarf-with-dsym";
				DEVELOPMENT_TEAM = XYZXYZ;
				ENABLE_STRICT_OBJC_MSGSEND = YES;
				FACEBOOK_KEY = 999999999999999;
				GCC_NO_COMMON_BLOCKS = YES;
				GCC_PREFIX_HEADER = Src/ObjC/Prefix.pch;
				GCC_PREPROCESSOR_DEFINITIONS = (
					"$(inherited)",
					"CONFIG_RC=1",
				);
				INFOPLIST_FILE = Info/CakeMania.plist;
				IPHONEOS_DEPLOYMENT_TARGET = 8.0;
				LD_RUNPATH_SEARCH_PATHS = "$(inherited) @executable_path/Frameworks";
				LIBRARY_SEARCH_PATHS = (
					"$(inherited)",
					"$(SRCROOT)/Lib/**",
				);
				MTL_ENABLE_DEBUG_INFO = NO;
				OTHER_LDFLAGS = (
					"$(inherited)",
					"-ObjC",
				);
				OTHER_SWIFT_FLAGS = "$(inherited) -DCONFIG_RC";
				PRODUCT_BUNDLE_IDENTIFIER = com.CakeMania.CakeMania;
				PRODUCT_NAME = "$(TARGET_NAME)";
				PROVISIONING_PROFILE = XXX;
				SDKROOT = iphoneos;
				SWIFT_OBJC_BRIDGING_HEADER = "Src/ObjC/CakeMania-Bridging-Header.h";
				TARGETED_DEVICE_FAMILY = "1,2";
			};
			name = RC;
		};
		772B774B15EEDE2C30BAEAC7 /* Debug */ = {
			isa = XCBuildConfiguration;
			buildSettings = {
				ASSETCATALOG_COMPILER_APPICON_NAME = AppIcon;
				CODE_SIGN_ENTITLEMENTS = "Res/CakeMania-test.entitlements";
				"CODE_SIGN_IDENTITY[sdk=iphoneos*]" = "iPhone Developer";
				DEBUG_INFORMATION_FORMAT = dwarf;
				DEVELOPMENT_TEAM = XYZXYZ;
				ENABLE_STRICT_OBJC_MSGSEND = YES;
				FACEBOOK_KEY = 999999999999999;
				GCC_NO_COMMON_BLOCKS = YES;
				GCC_PREFIX_HEADER = Src/ObjC/Prefix.pch;
				GCC_PREPROCESSOR_DEFINITIONS = (
					"$(inherited)",
					"CONFIG_DEBUG=1",
				);
				INFOPLIST_FILE = Info/CakeMania.plist;
				IPHONEOS_DEPLOYMENT_TARGET = 8.0;
				LD_RUNPATH_SEARCH_PATHS = "$(inherited) @executable_path/Frameworks";
				LIBRARY_SEARCH_PATHS = (
					"$(inherited)",
					"$(SRCROOT)/Lib/**",
				);
				MTL_ENABLE_DEBUG_INFO = YES;
				OTHER_LDFLAGS = (
					"$(inherited)",
					"-ObjC",
				);
				OTHER_SWIFT_FLAGS = "$(inherited) -DCONFIG_DEBUG";
				PRODUCT_BUNDLE_IDENTIFIER = com.CakeMania.CakeMania;
				PRODUCT_NAME = "$(TARGET_NAME)";
				SDKROOT = iphoneos;
				SWIFT_OBJC_BRIDGING_HEADER = "Src/ObjC/CakeMania-Bridging-Header.h";
				SWIFT_OPTIMIZATION_LEVEL = "-Onone";
				TARGETED_DEVICE_FAMILY = "1,2";
			};
			name = Debug;
		};
		8C9295114034B3B52795015D /* RC */ = {
			isa = XCBuildConfiguration;
			buildSettings = {
				BUNDLE_LOADER = "$(TEST_HOST)";
				DEBUG_INFORMATION_FORMAT = "dwarf-with-dsym";
				ENABLE_STRICT_OBJC_MSGSEND = YES;
				GCC_NO_COMMON_BLOCKS = YES;
				INFOPLIST_FILE = Info/CakeManiaTst.plist;
				IPHONEOS_DEPLOYMENT_TARGET = 8.0;
				MTL_ENABLE_DEBUG_INFO = NO;
				PRODUCT_NAME = "$(TARGET_NAME)";
				SDKROOT = iphoneos;
				TEST_HOST = "$(BUILT_PRODUCTS_DIR)/CakeMania.app/CakeMania";
			};
			name = RC;
		};
		9DB3E217FF073C4F180CC2C3 /* RC */ = {
			isa = XCBuildConfiguration;
			buildSettings = {
				ALWAYS_EMBED_SWIFT_STANDARD_LIBRARIES = "$(inherited)";
				ALWAYS_SEARCH_USER_PATHS = NO;
				CLANG_ANALYZER_NONNULL = YES;
				CLANG_CXX_LANGUAGE_STANDARD = "gnu++0x";
				CLANG_CXX_LIBRARY = "libc++";
				CLANG_ENABLE_MODULES = YES;
				CLANG_ENABLE_OBJC_ARC = YES;
				CLANG_WARN_BOOL_CONVERSION = YES;
				CLANG_WARN_CONSTANT_CONVERSION = YES;
				CLANG_WARN_DIRECT_OBJC_ISA_USAGE = YES_ERROR;
				CLANG_WARN_EMPTY_BODY = YES;
				CLANG_WARN_ENUM_CONVERSION = YES;
				CLANG_WARN_INFINITE_RECURSION = YES;
				CLANG_WARN_INT_CONVERSION = YES;
				CLANG_WARN_OBJC_ROOT_CLASS = YES_ERROR;
				CLANG_WARN_SUSPICIOUS_MOVE = YES;
				CLANG_WARN_UNREACHABLE_CODE = YES;
				CLANG_WARN__DUPLICATE_METHOD_MATCH = YES;
				COPY_PHASE_STRIP = YES;
				CURRENT_PROJECT_VERSION = 1;
				DEBUG_INFORMATION_FORMAT = "dwarf-with-dsym";
				DEFINES_MODULE = YES;
				ENABLE_BITCODE = YES;
				ENABLE_NS_ASSERTIONS = NO;
				ENABLE_STRICT_OBJC_MSGSEND = YES;
				GCC_C_LANGUAGE_STANDARD = gnu99;
				GCC_DYNAMIC_NO_PIC = NO;
				GCC_NO_COMMON_BLOCKS = YES;
				GCC_WARN_64_TO_32_BIT_CONVERSION = YES;
				GCC_WARN_ABOUT_RETURN_TYPE = YES_ERROR;
				GCC_WARN_UNDECLARED_SELECTOR = YES;
				GCC_WARN_UNINITIALIZED_AUTOS = YES_AGGRESSIVE;
				GCC_WARN_UNUSED_FUNCTION = YES;
				GCC_WARN_UNUSED_VARIABLE = YES;
				OTHER_CFLAGS = (
					"$(inherited)",
					"-DNS_BLOCK_ASSERTIONS=1",
				);
				SDKROOT = iphoneos;
				SWIFT_OPTIMIZATION_LEVEL = "-Owholemodule";
				SWIFT_VERSION = 3.0.1;
				VALIDATE_PRODUCT = YES;
			};
			name = RC;
		};
		9E5D2CD7FEBFF04D5F345C53 /* Staging */ = {
			isa = XCBuildConfiguration;
			buildSettings = {
				BUNDLE_LOADER = "$(TEST_HOST)";
				DEBUG_INFORMATION_FORMAT = "dwarf-with-dsym";
				ENABLE_STRICT_OBJC_MSGSEND = YES;
				GCC_NO_COMMON_BLOCKS = YES;
				INFOPLIST_FILE = Info/CakeManiaUITst.plist;
				IPHONEOS_DEPLOYMENT_TARGET = 8.0;
				MTL_ENABLE_DEBUG_INFO = NO;
				PRODUCT_NAME = "$(TARGET_NAME)";
				SDKROOT = iphoneos;
				TEST_HOST = "$(BUILT_PRODUCTS_DIR)/CakeMania.app/CakeMania";
			};
			name = Staging;
		};
		D47BB6DCD90A8F96A138BC5E /* AppStore */ = {
			isa = XCBuildConfiguration;
			buildSettings = {
				ALWAYS_EMBED_SWIFT_STANDARD_LIBRARIES = "$(inherited)";
				ALWAYS_SEARCH_USER_PATHS = NO;
				CLANG_ANALYZER_NONNULL = YES;
				CLANG_CXX_LANGUAGE_STANDARD = "gnu++0x";
				CLANG_CXX_LIBRARY = "libc++";
				CLANG_ENABLE_MODULES = YES;
				CLANG_ENABLE_OBJC_ARC = YES;
				CLANG_WARN_BOOL_CONVERSION = YES;
				CLANG_WARN_CONSTANT_CONVERSION = YES;
				CLANG_WARN_DIRECT_OBJC_ISA_USAGE = YES_ERROR;
				CLANG_WARN_EMPTY_BODY = YES;
				CLANG_WARN_ENUM_CONVERSION = YES;
				CLANG_WARN_INFINITE_RECURSION = YES;
				CLANG_WARN_INT_CONVERSION = YES;
				CLANG_WARN_OBJC_ROOT_CLASS = YES_ERROR;
				CLANG_WARN_SUSPICIOUS_MOVE = YES;
				CLANG_WARN_UNREACHABLE_CODE = YES;
				CLANG_WARN__DUPLICATE_METHOD_MATCH = YES;
				COPY_PHASE_STRIP = YES;
				CURRENT_PROJECT_VERSION = 1;
				DEBUG_INFORMATION_FORMAT = "dwarf-with-dsym";
				DEFINES_MODULE = YES;
				ENABLE_BITCODE = YES;
				ENABLE_NS_ASSERTIONS = NO;
				ENABLE_STRICT_OBJC_MSGSEND = YES;
				GCC_C_LANGUAGE_STANDARD = gnu99;
				GCC_DYNAMIC_NO_PIC = NO;
				GCC_NO_COMMON_BLOCKS = YES;
				GCC_WARN_64_TO_32_BIT_CONVERSION = YES;
				GCC_WARN_ABOUT_RETURN_TYPE = YES_ERROR;
				GCC_WARN_UNDECLARED_SELECTOR = YES;
				GCC_WARN_UNINITIALIZED_AUTOS = YES_AGGRESSIVE;
				GCC_WARN_UNUSED_FUNCTION = YES;
				GCC_WARN_UNUSED_VARIABLE = YES;
				OTHER_CFLAGS = (
					"$(inherited)",
					"-DNS_BLOCK_ASSERTIONS=1",
				);
				SDKROOT = iphoneos;
				SWIFT_OPTIMIZATION_LEVEL = "-Owholemodule";
				SWIFT_VERSION = 3.0.1;
				VALIDATE_PRODUCT = YES;
			};
			name = AppStore;
		};
		F1223A198BEAB5536B6D65E5 /* Production */ = {
			isa = XCBuildConfiguration;
			buildSettings = {
				BUNDLE_LOADER = "$(TEST_HOST)";
				DEBUG_INFORMATION_FORMAT = "dwarf-with-dsym";
				ENABLE_STRICT_OBJC_MSGSEND = YES;
				GCC_NO_COMMON_BLOCKS = YES;
				INFOPLIST_FILE = Info/CakeManiaTst.plist;
				IPHONEOS_DEPLOYMENT_TARGET = 8.0;
				MTL_ENABLE_DEBUG_INFO = NO;
				PRODUCT_NAME = "$(TARGET_NAME)";
				SDKROOT = iphoneos;
				TEST_HOST = "$(BUILT_PRODUCTS_DIR)/CakeMania.app/CakeMania";
			};
			name = Production;
		};
		F34BAA0692900D6BD9F29204 /* Staging */ = {
			isa = XCBuildConfiguration;
			buildSettings = {
				BUNDLE_LOADER = "$(TEST_HOST)";
				DEBUG_INFORMATION_FORMAT = "dwarf-with-dsym";
				ENABLE_STRICT_OBJC_MSGSEND = YES;
				GCC_NO_COMMON_BLOCKS = YES;
				INFOPLIST_FILE = Info/CakeManiaTst.plist;
				IPHONEOS_DEPLOYMENT_TARGET = 8.0;
				MTL_ENABLE_DEBUG_INFO = NO;
				PRODUCT_NAME = "$(TARGET_NAME)";
				SDKROOT = iphoneos;
				TEST_HOST = "$(BUILT_PRODUCTS_DIR)/CakeMania.app/CakeMania";
			};
			name = Staging;
		};
		F5BE92B4F351DB64951DF10E /* Debug */ = {
			isa = XCBuildConfiguration;
			buildSettings = {
				BUNDLE_LOADER = "$(TEST_HOST)";
				DEBUG_INFORMATION_FORMAT = dwarf;
				ENABLE_STRICT_OBJC_MSGSEND = YES;
				GCC_NO_COMMON_BLOCKS = YES;
				INFOPLIST_FILE = Info/CakeManiaUITst.plist;
				IPHONEOS_DEPLOYMENT_TARGET = 8.0;
				MTL_ENABLE_DEBUG_INFO = YES;
				PRODUCT_NAME = "$(TARGET_NAME)";
				SDKROOT = iphoneos;
				SWIFT_OPTIMIZATION_LEVEL = "-Onone";
				TEST_HOST = "$(BUILT_PRODUCTS_DIR)/CakeMania.app/CakeMania";
			};
			name = Debug;
		};
		F5BF5D49E48B472E8FCC0A47 /* AppStore */ = {
			isa = XCBuildConfiguration;
			buildSettings = {
				BUNDLE_LOADER = "$(TEST_HOST)";
				DEBUG_INFORMATION_FORMAT = "dwarf-with-dsym";
				ENABLE_STRICT_OBJC_MSGSEND = YES;
				GCC_NO_COMMON_BLOCKS = YES;
				INFOPLIST_FILE = Info/CakeManiaTst.plist;
				IPHONEOS_DEPLOYMENT_TARGET = 8.0;
				MTL_ENABLE_DEBUG_INFO = NO;
				PRODUCT_NAME = "$(TARGET_NAME)";
				SDKROOT = iphoneos;
				TEST_HOST = "$(BUILT_PRODUCTS_DIR)/CakeMania.app/CakeMania";
			};
			name = AppStore;
		};
		F6D66F696F8125BB62AF56A3 /* Debug */ = {
			isa = XCBuildConfiguration;
			buildSettings = {
				ALWAYS_EMBED_SWIFT_STANDARD_LIBRARIES = "$(inherited)";
				ALWAYS_SEARCH_USER_PATHS = NO;
				CLANG_ANALYZER_NONNULL = YES;
				CLANG_CXX_LANGUAGE_STANDARD = "gnu++0x";
				CLANG_CXX_LIBRARY = "libc++";
				CLANG_ENABLE_MODULES = YES;
				CLANG_ENABLE_OBJC_ARC = YES;
				CLANG_WARN_BOOL_CONVERSION = YES;
				CLANG_WARN_CONSTANT_CONVERSION = YES;
				CLANG_WARN_DIRECT_OBJC_ISA_USAGE = YES_ERROR;
				CLANG_WARN_EMPTY_BODY = YES;
				CLANG_WARN_ENUM_CONVERSION = YES;
				CLANG_WARN_INFINITE_RECURSION = YES;
				CLANG_WARN_INT_CONVERSION = YES;
				CLANG_WARN_OBJC_ROOT_CLASS = YES_ERROR;
				CLANG_WARN_SUSPICIOUS_MOVE = YES;
				CLANG_WARN_UNREACHABLE_CODE = YES;
				CLANG_WARN__DUPLICATE_METHOD_MATCH = YES;
				COPY_PHASE_STRIP = NO;
				CURRENT_PROJECT_VERSION = 1;
				DEFINES_MODULE = YES;
				ENABLE_BITCODE = YES;
				ENABLE_NS_ASSERTIONS = NO;
				ENABLE_STRICT_OBJC_MSGSEND = YES;
				ENABLE_TESTABILITY = YES;
				GCC_C_LANGUAGE_STANDARD = gnu99;
				GCC_DYNAMIC_NO_PIC = NO;
				GCC_NO_COMMON_BLOCKS = YES;
				GCC_OPTIMIZATION_LEVEL = 0;
				GCC_PREPROCESSOR_DEFINITIONS = (
					"DEBUG=1",
					"$(inherited)",
				);
				GCC_SYMBOLS_PRIVATE_EXTERN = NO;
				GCC_WARN_64_TO_32_BIT_CONVERSION = YES;
				GCC_WARN_ABOUT_RETURN_TYPE = YES_ERROR;
				GCC_WARN_UNDECLARED_SELECTOR = YES;
				GCC_WARN_UNINITIALIZED_AUTOS = YES_AGGRESSIVE;
				GCC_WARN_UNUSED_FUNCTION = YES;
				GCC_WARN_UNUSED_VARIABLE = YES;
				ONLY_ACTIVE_ARCH = YES;
				OTHER_CFLAGS = (
					"$(inherited)",
					"-DNS_BLOCK_ASSERTIONS=1",
				);
				SDKROOT = iphoneos;
				SWIFT_OPTIMIZATION_LEVEL = "-Onone";
				SWIFT_VERSION = 3.0.1;
			};
			name = Debug;
		};
		FCF06FA1EDE145A9C1AD7EF2 /* Staging */ = {
			isa = XCBuildConfiguration;
			buildSettings = {
				ALWAYS_EMBED_SWIFT_STANDARD_LIBRARIES = "$(inherited)";
				ALWAYS_SEARCH_USER_PATHS = NO;
				CLANG_ANALYZER_NONNULL = YES;
				CLANG_CXX_LANGUAGE_STANDARD = "gnu++0x";
				CLANG_CXX_LIBRARY = "libc++";
				CLANG_ENABLE_MODULES = YES;
				CLANG_ENABLE_OBJC_ARC = YES;
				CLANG_WARN_BOOL_CONVERSION = YES;
				CLANG_WARN_CONSTANT_CONVERSION = YES;
				CLANG_WARN_DIRECT_OBJC_ISA_USAGE = YES_ERROR;
				CLANG_WARN_EMPTY_BODY = YES;
				CLANG_WARN_ENUM_CONVERSION = YES;
				CLANG_WARN_INFINITE_RECURSION = YES;
				CLANG_WARN_INT_CONVERSION = YES;
				CLANG_WARN_OBJC_ROOT_CLASS = YES_ERROR;
				CLANG_WARN_SUSPICIOUS_MOVE = YES;
				CLANG_WARN_UNREACHABLE_CODE = YES;
				CLANG_WARN__DUPLICATE_METHOD_MATCH = YES;
				COPY_PHASE_STRIP = YES;
				CURRENT_PROJECT_VERSION = 1;
				DEFINES_MODULE = YES;
				ENABLE_BITCODE = YES;
				ENABLE_NS_ASSERTIONS = NO;
				ENABLE_STRICT_OBJC_MSGSEND = YES;
				GCC_C_LANGUAGE_STANDARD = gnu99;
				GCC_DYNAMIC_NO_PIC = NO;
				GCC_NO_COMMON_BLOCKS = YES;
				GCC_WARN_64_TO_32_BIT_CONVERSION = YES;
				GCC_WARN_ABOUT_RETURN_TYPE = YES_ERROR;
				GCC_WARN_UNDECLARED_SELECTOR = YES;
				GCC_WARN_UNINITIALIZED_AUTOS = YES_AGGRESSIVE;
				GCC_WARN_UNUSED_FUNCTION = YES;
				GCC_WARN_UNUSED_VARIABLE = YES;
				OTHER_CFLAGS = (
					"$(inherited)",
					"-DNS_BLOCK_ASSERTIONS=1",
				);
				SDKROOT = iphoneos;
				SWIFT_OPTIMIZATION_LEVEL = "-Onone";
				SWIFT_VERSION = 3.0.1;
				VALIDATE_PRODUCT = YES;
			};
			name = Staging;
		};
		FD82AFE75752D4DA17ECD80B /* Staging */ = {
			isa = XCBuildConfiguration;
			buildSettings = {
				ASSETCATALOG_COMPILER_APPICON_NAME = AppIcon;
				CODE_SIGN_ENTITLEMENTS = "Res/CakeMania-test.entitlements";
				"CODE_SIGN_IDENTITY[sdk=iphoneos*]" = "iPhone Developer";
				DEBUG_INFORMATION_FORMAT = "dwarf-with-dsym";
				DEVELOPMENT_TEAM = XYZXYZ;
				ENABLE_STRICT_OBJC_MSGSEND = YES;
				FACEBOOK_KEY = 999999999999999;
				GCC_NO_COMMON_BLOCKS = YES;
				GCC_PREFIX_HEADER = Src/ObjC/Prefix.pch;
				GCC_PREPROCESSOR_DEFINITIONS = (
					"$(inherited)",
					"CONFIG_STAGING=1",
				);
				INFOPLIST_FILE = Info/CakeMania.plist;
				IPHONEOS_DEPLOYMENT_TARGET = 8.0;
				LD_RUNPATH_SEARCH_PATHS = "$(inherited) @executable_path/Frameworks";
				LIBRARY_SEARCH_PATHS = (
					"$(inherited)",
					"$(SRCROOT)/Lib/**",
				);
				MTL_ENABLE_DEBUG_INFO = NO;
				OTHER_LDFLAGS = (
					"$(inherited)",
					"-ObjC",
				);
				OTHER_SWIFT_FLAGS = "$(inherited) -DCONFIG_STAGING";
				PRODUCT_BUNDLE_IDENTIFIER = com.CakeMania.CakeMania;
				PRODUCT_NAME = "$(TARGET_NAME)";
				PROVISIONING_PROFILE = XXX;
				SDKROOT = iphoneos;
				SWIFT_OBJC_BRIDGING_HEADER = "Src/ObjC/CakeMania-Bridging-Header.h";
				TARGETED_DEVICE_FAMILY = "1,2";
			};
			name = Staging;
		};
/* End XCBuildConfiguration section */

/* Begin XCConfigurationList section */
		0E5E578447F51AFC3E94A486 /* Build configuration list for PBXNativeTarget "CakeManiaTst" */ = {
			isa = XCConfigurationList;
			buildConfigurations = (
				27624358C510544A1B82F8BE /* Debug */,
				F34BAA0692900D6BD9F29204 /* Staging */,
				8C9295114034B3B52795015D /* RC */,
				F1223A198BEAB5536B6D65E5 /* Production */,
				F5BF5D49E48B472E8FCC0A47 /* AppStore */,
			);
			defaultConfigurationIsVisible = 0;
			defaultConfigurationName = Release;
		};
		1B59C494C54B0AC970BC00AA /* Build configuration list for PBXProject "CakeMania" */ = {
			isa = XCConfigurationList;
			buildConfigurations = (
				F6D66F696F8125BB62AF56A3 /* Debug */,
				FCF06FA1EDE145A9C1AD7EF2 /* Staging */,
				9DB3E217FF073C4F180CC2C3 /* RC */,
				3BA40C8C3F57B0110C115243 /* Production */,
				D47BB6DCD90A8F96A138BC5E /* AppStore */,
			);
			defaultConfigurationIsVisible = 0;
			defaultConfigurationName = Debug;
		};
		82CB4AE1149629539FC74E93 /* Build configuration list for PBXNativeTarget "CakeManiaUITst" */ = {
			isa = XCConfigurationList;
			buildConfigurations = (
				F5BE92B4F351DB64951DF10E /* Debug */,
				9E5D2CD7FEBFF04D5F345C53 /* Staging */,
				6DE530B87F9A83E96F6ECDD2 /* RC */,
				65AC54FB0874B4C67692800F /* Production */,
				50A0F334DC3C05B6CD85D4B1 /* AppStore */,
			);
			defaultConfigurationIsVisible = 0;
			defaultConfigurationName = Release;
		};
		9DF56565C99F55BC9A08B5C5 /* Build configuration list for PBXNativeTarget "CakeMania" */ = {
			isa = XCConfigurationList;
			buildConfigurations = (
				772B774B15EEDE2C30BAEAC7 /* Debug */,
				FD82AFE75752D4DA17ECD80B /* Staging */,
				74B0CC3CA54690B4733F4FD5 /* RC */,
				12A1AADE57B731C8C92AF437 /* Production */,
				4DCA4889DEA1477C157409C8 /* AppStore */,
			);
			defaultConfigurationIsVisible = 0;
			defaultConfigurationName = Release;
		};
/* End XCConfigurationList section */
	};
	rootObject = 3E636A4CD6038FC4E0203680 /* Project object */;
}
